// !$*UTF8*$!
{
	archiveVersion = 1;
	classes = {
	};
	objectVersion = 50;
	objects = {

/* Begin PBXBuildFile section */
		2CE391D0C8C657BCDD0C21D1 /* Pods_TestCollection.framework in Frameworks */ = {isa = PBXBuildFile; fileRef = 27907B908374803CFF17CAD3 /* Pods_TestCollection.framework */; };
		3336C166E18BC304AF418ABA /* Pods_TestCollectionTests.framework in Frameworks */ = {isa = PBXBuildFile; fileRef = 2BB07B60E29F18A54211D8B9 /* Pods_TestCollectionTests.framework */; };
		AEB028D022865EA40000E106 /* BarViewController.swift in Sources */ = {isa = PBXBuildFile; fileRef = AEB028CF22865EA40000E106 /* BarViewController.swift */; };
		AEB028D222865F340000E106 /* MarketViewController.swift in Sources */ = {isa = PBXBuildFile; fileRef = AEB028D122865F340000E106 /* MarketViewController.swift */; };
		AEB028D4228667BD0000E106 /* HomeTabViewController.swift in Sources */ = {isa = PBXBuildFile; fileRef = AEB028D3228667BD0000E106 /* HomeTabViewController.swift */; };
		AEB028D722867D530000E106 /* MarketHeaderCollectionReusableView.swift in Sources */ = {isa = PBXBuildFile; fileRef = AEB028D522867D530000E106 /* MarketHeaderCollectionReusableView.swift */; };
		AEB028D822867D530000E106 /* MarketHeaderCollectionReusableView.xib in Resources */ = {isa = PBXBuildFile; fileRef = AEB028D622867D530000E106 /* MarketHeaderCollectionReusableView.xib */; };
		AEB028DB22867F0E0000E106 /* MarketCollectionViewCell.swift in Sources */ = {isa = PBXBuildFile; fileRef = AEB028D922867F0E0000E106 /* MarketCollectionViewCell.swift */; };
		AEB028DC22867F0E0000E106 /* MarketCollectionViewCell.xib in Resources */ = {isa = PBXBuildFile; fileRef = AEB028DA22867F0E0000E106 /* MarketCollectionViewCell.xib */; };
		AEE02549228583EA001B721B /* AppDelegate.swift in Sources */ = {isa = PBXBuildFile; fileRef = AEE02548228583EA001B721B /* AppDelegate.swift */; };
		AEE0254B228583EA001B721B /* ViewController.swift in Sources */ = {isa = PBXBuildFile; fileRef = AEE0254A228583EA001B721B /* ViewController.swift */; };
		AEE0254E228583EA001B721B /* Main.storyboard in Resources */ = {isa = PBXBuildFile; fileRef = AEE0254C228583EA001B721B /* Main.storyboard */; };
		AEE02550228583ED001B721B /* Assets.xcassets in Resources */ = {isa = PBXBuildFile; fileRef = AEE0254F228583ED001B721B /* Assets.xcassets */; };
		AEE02553228583ED001B721B /* LaunchScreen.storyboard in Resources */ = {isa = PBXBuildFile; fileRef = AEE02551228583ED001B721B /* LaunchScreen.storyboard */; };
		AEE0255E228583EE001B721B /* TestCollectionTests.swift in Sources */ = {isa = PBXBuildFile; fileRef = AEE0255D228583EE001B721B /* TestCollectionTests.swift */; };
		AEE02572228584F9001B721B /* Footer.swift in Sources */ = {isa = PBXBuildFile; fileRef = AEE02569228584F9001B721B /* Footer.swift */; };
		AEE02573228584F9001B721B /* Cell.swift in Sources */ = {isa = PBXBuildFile; fileRef = AEE0256A228584F9001B721B /* Cell.swift */; };
		AEE02574228584F9001B721B /* Background.swift in Sources */ = {isa = PBXBuildFile; fileRef = AEE0256B228584F9001B721B /* Background.swift */; };
		AEE02575228584F9001B721B /* ItemCreationPanelView.swift in Sources */ = {isa = PBXBuildFile; fileRef = AEE0256C228584F9001B721B /* ItemCreationPanelView.swift */; };
		AEE02576228584F9001B721B /* Header.swift in Sources */ = {isa = PBXBuildFile; fileRef = AEE0256D228584F9001B721B /* Header.swift */; };
		AEE02577228584F9001B721B /* Data.swift in Sources */ = {isa = PBXBuildFile; fileRef = AEE0256F228584F9001B721B /* Data.swift */; };
		AEE02578228584F9001B721B /* DataSourceCountsProvider.swift in Sources */ = {isa = PBXBuildFile; fileRef = AEE02570228584F9001B721B /* DataSourceCountsProvider.swift */; };
		AEE02579228584F9001B721B /* DataSource.swift in Sources */ = {isa = PBXBuildFile; fileRef = AEE02571228584F9001B721B /* DataSource.swift */; };
		AEE0257B22858537001B721B /* Colors.swift in Sources */ = {isa = PBXBuildFile; fileRef = AEE0257A22858537001B721B /* Colors.swift */; };
/* End PBXBuildFile section */

/* Begin PBXContainerItemProxy section */
		AEE0255A228583EE001B721B /* PBXContainerItemProxy */ = {
			isa = PBXContainerItemProxy;
			containerPortal = AEE0253D228583EA001B721B /* Project object */;
			proxyType = 1;
			remoteGlobalIDString = AEE02544228583EA001B721B;
			remoteInfo = TestCollection;
		};
/* End PBXContainerItemProxy section */

/* Begin PBXFileReference section */
		139C788C55E11CB6348536A3 /* Pods-TestCollectionTests.release.xcconfig */ = {isa = PBXFileReference; includeInIndex = 1; lastKnownFileType = text.xcconfig; name = "Pods-TestCollectionTests.release.xcconfig"; path = "Target Support Files/Pods-TestCollectionTests/Pods-TestCollectionTests.release.xcconfig"; sourceTree = "<group>"; };
		27907B908374803CFF17CAD3 /* Pods_TestCollection.framework */ = {isa = PBXFileReference; explicitFileType = wrapper.framework; includeInIndex = 0; path = Pods_TestCollection.framework; sourceTree = BUILT_PRODUCTS_DIR; };
		2BB07B60E29F18A54211D8B9 /* Pods_TestCollectionTests.framework */ = {isa = PBXFileReference; explicitFileType = wrapper.framework; includeInIndex = 0; path = Pods_TestCollectionTests.framework; sourceTree = BUILT_PRODUCTS_DIR; };
		A9E1DA2B51706F91244CDD85 /* Pods-TestCollection.debug.xcconfig */ = {isa = PBXFileReference; includeInIndex = 1; lastKnownFileType = text.xcconfig; name = "Pods-TestCollection.debug.xcconfig"; path = "Target Support Files/Pods-TestCollection/Pods-TestCollection.debug.xcconfig"; sourceTree = "<group>"; };
		AEB028CF22865EA40000E106 /* BarViewController.swift */ = {isa = PBXFileReference; lastKnownFileType = sourcecode.swift; path = BarViewController.swift; sourceTree = "<group>"; };
		AEB028D122865F340000E106 /* MarketViewController.swift */ = {isa = PBXFileReference; lastKnownFileType = sourcecode.swift; path = MarketViewController.swift; sourceTree = "<group>"; };
		AEB028D3228667BD0000E106 /* HomeTabViewController.swift */ = {isa = PBXFileReference; lastKnownFileType = sourcecode.swift; path = HomeTabViewController.swift; sourceTree = "<group>"; };
		AEB028D522867D530000E106 /* MarketHeaderCollectionReusableView.swift */ = {isa = PBXFileReference; lastKnownFileType = sourcecode.swift; path = MarketHeaderCollectionReusableView.swift; sourceTree = "<group>"; };
		AEB028D622867D530000E106 /* MarketHeaderCollectionReusableView.xib */ = {isa = PBXFileReference; lastKnownFileType = file.xib; path = MarketHeaderCollectionReusableView.xib; sourceTree = "<group>"; };
		AEB028D922867F0E0000E106 /* MarketCollectionViewCell.swift */ = {isa = PBXFileReference; lastKnownFileType = sourcecode.swift; path = MarketCollectionViewCell.swift; sourceTree = "<group>"; };
		AEB028DA22867F0E0000E106 /* MarketCollectionViewCell.xib */ = {isa = PBXFileReference; lastKnownFileType = file.xib; path = MarketCollectionViewCell.xib; sourceTree = "<group>"; };
		AEE02545228583EA001B721B /* TestCollection.app */ = {isa = PBXFileReference; explicitFileType = wrapper.application; includeInIndex = 0; path = TestCollection.app; sourceTree = BUILT_PRODUCTS_DIR; };
		AEE02548228583EA001B721B /* AppDelegate.swift */ = {isa = PBXFileReference; lastKnownFileType = sourcecode.swift; path = AppDelegate.swift; sourceTree = "<group>"; };
		AEE0254A228583EA001B721B /* ViewController.swift */ = {isa = PBXFileReference; lastKnownFileType = sourcecode.swift; path = ViewController.swift; sourceTree = "<group>"; };
		AEE0254D228583EA001B721B /* Base */ = {isa = PBXFileReference; lastKnownFileType = file.storyboard; name = Base; path = Base.lproj/Main.storyboard; sourceTree = "<group>"; };
		AEE0254F228583ED001B721B /* Assets.xcassets */ = {isa = PBXFileReference; lastKnownFileType = folder.assetcatalog; path = Assets.xcassets; sourceTree = "<group>"; };
		AEE02552228583ED001B721B /* Base */ = {isa = PBXFileReference; lastKnownFileType = file.storyboard; name = Base; path = Base.lproj/LaunchScreen.storyboard; sourceTree = "<group>"; };
		AEE02554228583ED001B721B /* Info.plist */ = {isa = PBXFileReference; lastKnownFileType = text.plist.xml; path = Info.plist; sourceTree = "<group>"; };
		AEE02559228583EE001B721B /* TestCollectionTests.xctest */ = {isa = PBXFileReference; explicitFileType = wrapper.cfbundle; includeInIndex = 0; path = TestCollectionTests.xctest; sourceTree = BUILT_PRODUCTS_DIR; };
		AEE0255D228583EE001B721B /* TestCollectionTests.swift */ = {isa = PBXFileReference; lastKnownFileType = sourcecode.swift; path = TestCollectionTests.swift; sourceTree = "<group>"; };
		AEE0255F228583EE001B721B /* Info.plist */ = {isa = PBXFileReference; lastKnownFileType = text.plist.xml; path = Info.plist; sourceTree = "<group>"; };
		AEE02569228584F9001B721B /* Footer.swift */ = {isa = PBXFileReference; fileEncoding = 4; lastKnownFileType = sourcecode.swift; path = Footer.swift; sourceTree = "<group>"; };
		AEE0256A228584F9001B721B /* Cell.swift */ = {isa = PBXFileReference; fileEncoding = 4; lastKnownFileType = sourcecode.swift; path = Cell.swift; sourceTree = "<group>"; };
		AEE0256B228584F9001B721B /* Background.swift */ = {isa = PBXFileReference; fileEncoding = 4; lastKnownFileType = sourcecode.swift; path = Background.swift; sourceTree = "<group>"; };
		AEE0256C228584F9001B721B /* ItemCreationPanelView.swift */ = {isa = PBXFileReference; fileEncoding = 4; lastKnownFileType = sourcecode.swift; path = ItemCreationPanelView.swift; sourceTree = "<group>"; };
		AEE0256D228584F9001B721B /* Header.swift */ = {isa = PBXFileReference; fileEncoding = 4; lastKnownFileType = sourcecode.swift; path = Header.swift; sourceTree = "<group>"; };
		AEE0256F228584F9001B721B /* Data.swift */ = {isa = PBXFileReference; fileEncoding = 4; lastKnownFileType = sourcecode.swift; path = Data.swift; sourceTree = "<group>"; };
		AEE02570228584F9001B721B /* DataSourceCountsProvider.swift */ = {isa = PBXFileReference; fileEncoding = 4; lastKnownFileType = sourcecode.swift; path = DataSourceCountsProvider.swift; sourceTree = "<group>"; };
		AEE02571228584F9001B721B /* DataSource.swift */ = {isa = PBXFileReference; fileEncoding = 4; lastKnownFileType = sourcecode.swift; path = DataSource.swift; sourceTree = "<group>"; };
		AEE0257A22858537001B721B /* Colors.swift */ = {isa = PBXFileReference; fileEncoding = 4; lastKnownFileType = sourcecode.swift; path = Colors.swift; sourceTree = "<group>"; };
		BCB8904D759981BA781E7C09 /* Pods-TestCollectionTests.debug.xcconfig */ = {isa = PBXFileReference; includeInIndex = 1; lastKnownFileType = text.xcconfig; name = "Pods-TestCollectionTests.debug.xcconfig"; path = "Target Support Files/Pods-TestCollectionTests/Pods-TestCollectionTests.debug.xcconfig"; sourceTree = "<group>"; };
		E0E518A020347C978D815864 /* Pods-TestCollection.release.xcconfig */ = {isa = PBXFileReference; includeInIndex = 1; lastKnownFileType = text.xcconfig; name = "Pods-TestCollection.release.xcconfig"; path = "Target Support Files/Pods-TestCollection/Pods-TestCollection.release.xcconfig"; sourceTree = "<group>"; };
/* End PBXFileReference section */

/* Begin PBXFrameworksBuildPhase section */
		AEE02542228583EA001B721B /* Frameworks */ = {
			isa = PBXFrameworksBuildPhase;
			buildActionMask = 2147483647;
			files = (
				2CE391D0C8C657BCDD0C21D1 /* Pods_TestCollection.framework in Frameworks */,
			);
			runOnlyForDeploymentPostprocessing = 0;
		};
		AEE02556228583EE001B721B /* Frameworks */ = {
			isa = PBXFrameworksBuildPhase;
			buildActionMask = 2147483647;
			files = (
				3336C166E18BC304AF418ABA /* Pods_TestCollectionTests.framework in Frameworks */,
			);
			runOnlyForDeploymentPostprocessing = 0;
		};
/* End PBXFrameworksBuildPhase section */

/* Begin PBXGroup section */
		34C504C66729CFA38B505156 /* Frameworks */ = {
			isa = PBXGroup;
			children = (
				27907B908374803CFF17CAD3 /* Pods_TestCollection.framework */,
				2BB07B60E29F18A54211D8B9 /* Pods_TestCollectionTests.framework */,
			);
			name = Frameworks;
			sourceTree = "<group>";
		};
		3E60416FD1D70EE851B1F7A8 /* Pods */ = {
			isa = PBXGroup;
			children = (
				A9E1DA2B51706F91244CDD85 /* Pods-TestCollection.debug.xcconfig */,
				E0E518A020347C978D815864 /* Pods-TestCollection.release.xcconfig */,
				BCB8904D759981BA781E7C09 /* Pods-TestCollectionTests.debug.xcconfig */,
				139C788C55E11CB6348536A3 /* Pods-TestCollectionTests.release.xcconfig */,
			);
			path = Pods;
			sourceTree = "<group>";
		};
		AEE0253C228583EA001B721B = {
			isa = PBXGroup;
			children = (
				AEE02547228583EA001B721B /* TestCollection */,
				AEE0255C228583EE001B721B /* TestCollectionTests */,
				AEE02546228583EA001B721B /* Products */,
				3E60416FD1D70EE851B1F7A8 /* Pods */,
				34C504C66729CFA38B505156 /* Frameworks */,
			);
			sourceTree = "<group>";
		};
		AEE02546228583EA001B721B /* Products */ = {
			isa = PBXGroup;
			children = (
				AEE02545228583EA001B721B /* TestCollection.app */,
				AEE02559228583EE001B721B /* TestCollectionTests.xctest */,
			);
			name = Products;
			sourceTree = "<group>";
		};
		AEE02547228583EA001B721B /* TestCollection */ = {
			isa = PBXGroup;
			children = (
				AEE0256E228584F9001B721B /* Data */,
				AEE02568228584F9001B721B /* Views */,
				AEE02548228583EA001B721B /* AppDelegate.swift */,
				AEB028D3228667BD0000E106 /* HomeTabViewController.swift */,
				AEE0254A228583EA001B721B /* ViewController.swift */,
				AEB028CF22865EA40000E106 /* BarViewController.swift */,
				AEB028D122865F340000E106 /* MarketViewController.swift */,
				AEB028D922867F0E0000E106 /* MarketCollectionViewCell.swift */,
				AEB028DA22867F0E0000E106 /* MarketCollectionViewCell.xib */,
				AEB028D522867D530000E106 /* MarketHeaderCollectionReusableView.swift */,
				AEB028D622867D530000E106 /* MarketHeaderCollectionReusableView.xib */,
				AEE0257A22858537001B721B /* Colors.swift */,
				AEE0254C228583EA001B721B /* Main.storyboard */,
				AEE0254F228583ED001B721B /* Assets.xcassets */,
				AEE02551228583ED001B721B /* LaunchScreen.storyboard */,
				AEE02554228583ED001B721B /* Info.plist */,
			);
			path = TestCollection;
			sourceTree = "<group>";
		};
		AEE0255C228583EE001B721B /* TestCollectionTests */ = {
			isa = PBXGroup;
			children = (
				AEE0255D228583EE001B721B /* TestCollectionTests.swift */,
				AEE0255F228583EE001B721B /* Info.plist */,
			);
			path = TestCollectionTests;
			sourceTree = "<group>";
		};
		AEE02568228584F9001B721B /* Views */ = {
			isa = PBXGroup;
			children = (
				AEE02569228584F9001B721B /* Footer.swift */,
				AEE0256A228584F9001B721B /* Cell.swift */,
				AEE0256B228584F9001B721B /* Background.swift */,
				AEE0256C228584F9001B721B /* ItemCreationPanelView.swift */,
				AEE0256D228584F9001B721B /* Header.swift */,
			);
			path = Views;
			sourceTree = "<group>";
		};
		AEE0256E228584F9001B721B /* Data */ = {
			isa = PBXGroup;
			children = (
				AEE0256F228584F9001B721B /* Data.swift */,
				AEE02570228584F9001B721B /* DataSourceCountsProvider.swift */,
				AEE02571228584F9001B721B /* DataSource.swift */,
			);
			path = Data;
			sourceTree = "<group>";
		};
/* End PBXGroup section */

/* Begin PBXNativeTarget section */
		AEE02544228583EA001B721B /* TestCollection */ = {
			isa = PBXNativeTarget;
			buildConfigurationList = AEE02562228583EE001B721B /* Build configuration list for PBXNativeTarget "TestCollection" */;
			buildPhases = (
				70EBAB309610E81E617A3C07 /* [CP] Check Pods Manifest.lock */,
				AEE02541228583EA001B721B /* Sources */,
				AEE02542228583EA001B721B /* Frameworks */,
				AEE02543228583EA001B721B /* Resources */,
				0436DD769D35206A6CCB24D4 /* [CP] Embed Pods Frameworks */,
			);
			buildRules = (
			);
			dependencies = (
			);
			name = TestCollection;
			productName = TestCollection;
			productReference = AEE02545228583EA001B721B /* TestCollection.app */;
			productType = "com.apple.product-type.application";
		};
		AEE02558228583EE001B721B /* TestCollectionTests */ = {
			isa = PBXNativeTarget;
			buildConfigurationList = AEE02565228583EE001B721B /* Build configuration list for PBXNativeTarget "TestCollectionTests" */;
			buildPhases = (
				2E9ADF4CA109674469E89EAB /* [CP] Check Pods Manifest.lock */,
				AEE02555228583EE001B721B /* Sources */,
				AEE02556228583EE001B721B /* Frameworks */,
				AEE02557228583EE001B721B /* Resources */,
			);
			buildRules = (
			);
			dependencies = (
				AEE0255B228583EE001B721B /* PBXTargetDependency */,
			);
			name = TestCollectionTests;
			productName = TestCollectionTests;
			productReference = AEE02559228583EE001B721B /* TestCollectionTests.xctest */;
			productType = "com.apple.product-type.bundle.unit-test";
		};
/* End PBXNativeTarget section */

/* Begin PBXProject section */
		AEE0253D228583EA001B721B /* Project object */ = {
			isa = PBXProject;
			attributes = {
				LastSwiftUpdateCheck = 1010;
				LastUpgradeCheck = 1010;
				ORGANIZATIONNAME = hsj;
				TargetAttributes = {
					AEE02544228583EA001B721B = {
						CreatedOnToolsVersion = 10.1;
					};
					AEE02558228583EE001B721B = {
						CreatedOnToolsVersion = 10.1;
						TestTargetID = AEE02544228583EA001B721B;
					};
				};
			};
			buildConfigurationList = AEE02540228583EA001B721B /* Build configuration list for PBXProject "TestCollection" */;
			compatibilityVersion = "Xcode 9.3";
			developmentRegion = en;
			hasScannedForEncodings = 0;
			knownRegions = (
				en,
				Base,
			);
			mainGroup = AEE0253C228583EA001B721B;
			productRefGroup = AEE02546228583EA001B721B /* Products */;
			projectDirPath = "";
			projectRoot = "";
			targets = (
				AEE02544228583EA001B721B /* TestCollection */,
				AEE02558228583EE001B721B /* TestCollectionTests */,
			);
		};
/* End PBXProject section */

/* Begin PBXResourcesBuildPhase section */
		AEE02543228583EA001B721B /* Resources */ = {
			isa = PBXResourcesBuildPhase;
			buildActionMask = 2147483647;
			files = (
				AEE02553228583ED001B721B /* LaunchScreen.storyboard in Resources */,
				AEE02550228583ED001B721B /* Assets.xcassets in Resources */,
				AEB028D822867D530000E106 /* MarketHeaderCollectionReusableView.xib in Resources */,
				AEB028DC22867F0E0000E106 /* MarketCollectionViewCell.xib in Resources */,
				AEE0254E228583EA001B721B /* Main.storyboard in Resources */,
			);
			runOnlyForDeploymentPostprocessing = 0;
		};
		AEE02557228583EE001B721B /* Resources */ = {
			isa = PBXResourcesBuildPhase;
			buildActionMask = 2147483647;
			files = (
			);
			runOnlyForDeploymentPostprocessing = 0;
		};
/* End PBXResourcesBuildPhase section */

/* Begin PBXShellScriptBuildPhase section */
		0436DD769D35206A6CCB24D4 /* [CP] Embed Pods Frameworks */ = {
			isa = PBXShellScriptBuildPhase;
			buildActionMask = 2147483647;
			files = (
			);
			inputFileListPaths = (
			);
			inputPaths = (
				"${PODS_ROOT}/Target Support Files/Pods-TestCollection/Pods-TestCollection-frameworks.sh",
				"${BUILT_PRODUCTS_DIR}/MagazineLayout/MagazineLayout.framework",
				"${BUILT_PRODUCTS_DIR}/XLPagerTabStrip/XLPagerTabStrip.framework",
			);
			name = "[CP] Embed Pods Frameworks";
			outputFileListPaths = (
			);
			outputPaths = (
				"${TARGET_BUILD_DIR}/${FRAMEWORKS_FOLDER_PATH}/MagazineLayout.framework",
				"${TARGET_BUILD_DIR}/${FRAMEWORKS_FOLDER_PATH}/XLPagerTabStrip.framework",
			);
			runOnlyForDeploymentPostprocessing = 0;
			shellPath = /bin/sh;
			shellScript = "\"${PODS_ROOT}/Target Support Files/Pods-TestCollection/Pods-TestCollection-frameworks.sh\"\n";
			showEnvVarsInLog = 0;
		};
		2E9ADF4CA109674469E89EAB /* [CP] Check Pods Manifest.lock */ = {
			isa = PBXShellScriptBuildPhase;
			buildActionMask = 2147483647;
			files = (
			);
			inputFileListPaths = (
			);
			inputPaths = (
				"${PODS_PODFILE_DIR_PATH}/Podfile.lock",
				"${PODS_ROOT}/Manifest.lock",
			);
			name = "[CP] Check Pods Manifest.lock";
			outputFileListPaths = (
			);
			outputPaths = (
				"$(DERIVED_FILE_DIR)/Pods-TestCollectionTests-checkManifestLockResult.txt",
			);
			runOnlyForDeploymentPostprocessing = 0;
			shellPath = /bin/sh;
			shellScript = "diff \"${PODS_PODFILE_DIR_PATH}/Podfile.lock\" \"${PODS_ROOT}/Manifest.lock\" > /dev/null\nif [ $? != 0 ] ; then\n    # print error to STDERR\n    echo \"error: The sandbox is not in sync with the Podfile.lock. Run 'pod install' or update your CocoaPods installation.\" >&2\n    exit 1\nfi\n# This output is used by Xcode 'outputs' to avoid re-running this script phase.\necho \"SUCCESS\" > \"${SCRIPT_OUTPUT_FILE_0}\"\n";
			showEnvVarsInLog = 0;
		};
		70EBAB309610E81E617A3C07 /* [CP] Check Pods Manifest.lock */ = {
			isa = PBXShellScriptBuildPhase;
			buildActionMask = 2147483647;
			files = (
			);
			inputFileListPaths = (
			);
			inputPaths = (
				"${PODS_PODFILE_DIR_PATH}/Podfile.lock",
				"${PODS_ROOT}/Manifest.lock",
			);
			name = "[CP] Check Pods Manifest.lock";
			outputFileListPaths = (
			);
			outputPaths = (
				"$(DERIVED_FILE_DIR)/Pods-TestCollection-checkManifestLockResult.txt",
			);
			runOnlyForDeploymentPostprocessing = 0;
			shellPath = /bin/sh;
			shellScript = "diff \"${PODS_PODFILE_DIR_PATH}/Podfile.lock\" \"${PODS_ROOT}/Manifest.lock\" > /dev/null\nif [ $? != 0 ] ; then\n    # print error to STDERR\n    echo \"error: The sandbox is not in sync with the Podfile.lock. Run 'pod install' or update your CocoaPods installation.\" >&2\n    exit 1\nfi\n# This output is used by Xcode 'outputs' to avoid re-running this script phase.\necho \"SUCCESS\" > \"${SCRIPT_OUTPUT_FILE_0}\"\n";
			showEnvVarsInLog = 0;
		};
/* End PBXShellScriptBuildPhase section */

/* Begin PBXSourcesBuildPhase section */
		AEE02541228583EA001B721B /* Sources */ = {
			isa = PBXSourcesBuildPhase;
			buildActionMask = 2147483647;
			files = (
				AEE02572228584F9001B721B /* Footer.swift in Sources */,
				AEE0257B22858537001B721B /* Colors.swift in Sources */,
				AEE02573228584F9001B721B /* Cell.swift in Sources */,
				AEB028D4228667BD0000E106 /* HomeTabViewController.swift in Sources */,
				AEB028DB22867F0E0000E106 /* MarketCollectionViewCell.swift in Sources */,
				AEE0254B228583EA001B721B /* ViewController.swift in Sources */,
				AEB028D222865F340000E106 /* MarketViewController.swift in Sources */,
				AEE02576228584F9001B721B /* Header.swift in Sources */,
				AEE02549228583EA001B721B /* AppDelegate.swift in Sources */,
				AEE02578228584F9001B721B /* DataSourceCountsProvider.swift in Sources */,
				AEB028D722867D530000E106 /* MarketHeaderCollectionReusableView.swift in Sources */,
				AEE02574228584F9001B721B /* Background.swift in Sources */,
				AEE02575228584F9001B721B /* ItemCreationPanelView.swift in Sources */,
				AEE02579228584F9001B721B /* DataSource.swift in Sources */,
				AEB028D022865EA40000E106 /* BarViewController.swift in Sources */,
				AEE02577228584F9001B721B /* Data.swift in Sources */,
			);
			runOnlyForDeploymentPostprocessing = 0;
		};
		AEE02555228583EE001B721B /* Sources */ = {
			isa = PBXSourcesBuildPhase;
			buildActionMask = 2147483647;
			files = (
				AEE0255E228583EE001B721B /* TestCollectionTests.swift in Sources */,
			);
			runOnlyForDeploymentPostprocessing = 0;
		};
/* End PBXSourcesBuildPhase section */

/* Begin PBXTargetDependency section */
		AEE0255B228583EE001B721B /* PBXTargetDependency */ = {
			isa = PBXTargetDependency;
			target = AEE02544228583EA001B721B /* TestCollection */;
			targetProxy = AEE0255A228583EE001B721B /* PBXContainerItemProxy */;
		};
/* End PBXTargetDependency section */

/* Begin PBXVariantGroup section */
		AEE0254C228583EA001B721B /* Main.storyboard */ = {
			isa = PBXVariantGroup;
			children = (
				AEE0254D228583EA001B721B /* Base */,
			);
			name = Main.storyboard;
			sourceTree = "<group>";
		};
		AEE02551228583ED001B721B /* LaunchScreen.storyboard */ = {
			isa = PBXVariantGroup;
			children = (
				AEE02552228583ED001B721B /* Base */,
			);
			name = LaunchScreen.storyboard;
			sourceTree = "<group>";
		};
/* End PBXVariantGroup section */

/* Begin XCBuildConfiguration section */
		AEE02560228583EE001B721B /* Debug */ = {
			isa = XCBuildConfiguration;
			buildSettings = {
				ALWAYS_SEARCH_USER_PATHS = NO;
				CLANG_ANALYZER_NONNULL = YES;
				CLANG_ANALYZER_NUMBER_OBJECT_CONVERSION = YES_AGGRESSIVE;
				CLANG_CXX_LANGUAGE_STANDARD = "gnu++14";
				CLANG_CXX_LIBRARY = "libc++";
				CLANG_ENABLE_MODULES = YES;
				CLANG_ENABLE_OBJC_ARC = YES;
				CLANG_ENABLE_OBJC_WEAK = YES;
				CLANG_WARN_BLOCK_CAPTURE_AUTORELEASING = YES;
				CLANG_WARN_BOOL_CONVERSION = YES;
				CLANG_WARN_COMMA = YES;
				CLANG_WARN_CONSTANT_CONVERSION = YES;
				CLANG_WARN_DEPRECATED_OBJC_IMPLEMENTATIONS = YES;
				CLANG_WARN_DIRECT_OBJC_ISA_USAGE = YES_ERROR;
				CLANG_WARN_DOCUMENTATION_COMMENTS = YES;
				CLANG_WARN_EMPTY_BODY = YES;
				CLANG_WARN_ENUM_CONVERSION = YES;
				CLANG_WARN_INFINITE_RECURSION = YES;
				CLANG_WARN_INT_CONVERSION = YES;
				CLANG_WARN_NON_LITERAL_NULL_CONVERSION = YES;
				CLANG_WARN_OBJC_IMPLICIT_RETAIN_SELF = YES;
				CLANG_WARN_OBJC_LITERAL_CONVERSION = YES;
				CLANG_WARN_OBJC_ROOT_CLASS = YES_ERROR;
				CLANG_WARN_RANGE_LOOP_ANALYSIS = YES;
				CLANG_WARN_STRICT_PROTOTYPES = YES;
				CLANG_WARN_SUSPICIOUS_MOVE = YES;
				CLANG_WARN_UNGUARDED_AVAILABILITY = YES_AGGRESSIVE;
				CLANG_WARN_UNREACHABLE_CODE = YES;
				CLANG_WARN__DUPLICATE_METHOD_MATCH = YES;
				CODE_SIGN_IDENTITY = "iPhone Developer";
				COPY_PHASE_STRIP = NO;
				DEBUG_INFORMATION_FORMAT = dwarf;
				ENABLE_STRICT_OBJC_MSGSEND = YES;
				ENABLE_TESTABILITY = YES;
				GCC_C_LANGUAGE_STANDARD = gnu11;
				GCC_DYNAMIC_NO_PIC = NO;
				GCC_NO_COMMON_BLOCKS = YES;
				GCC_OPTIMIZATION_LEVEL = 0;
				GCC_PREPROCESSOR_DEFINITIONS = (
					"DEBUG=1",
					"$(inherited)",
				);
				GCC_WARN_64_TO_32_BIT_CONVERSION = YES;
				GCC_WARN_ABOUT_RETURN_TYPE = YES_ERROR;
				GCC_WARN_UNDECLARED_SELECTOR = YES;
				GCC_WARN_UNINITIALIZED_AUTOS = YES_AGGRESSIVE;
				GCC_WARN_UNUSED_FUNCTION = YES;
				GCC_WARN_UNUSED_VARIABLE = YES;
				IPHONEOS_DEPLOYMENT_TARGET = 12.1;
				MTL_ENABLE_DEBUG_INFO = INCLUDE_SOURCE;
				MTL_FAST_MATH = YES;
				ONLY_ACTIVE_ARCH = YES;
				SDKROOT = iphoneos;
				SWIFT_ACTIVE_COMPILATION_CONDITIONS = DEBUG;
				SWIFT_OPTIMIZATION_LEVEL = "-Onone";
			};
			name = Debug;
		};
		AEE02561228583EE001B721B /* Release */ = {
			isa = XCBuildConfiguration;
			buildSettings = {
				ALWAYS_SEARCH_USER_PATHS = NO;
				CLANG_ANALYZER_NONNULL = YES;
				CLANG_ANALYZER_NUMBER_OBJECT_CONVERSION = YES_AGGRESSIVE;
				CLANG_CXX_LANGUAGE_STANDARD = "gnu++14";
				CLANG_CXX_LIBRARY = "libc++";
				CLANG_ENABLE_MODULES = YES;
				CLANG_ENABLE_OBJC_ARC = YES;
				CLANG_ENABLE_OBJC_WEAK = YES;
				CLANG_WARN_BLOCK_CAPTURE_AUTORELEASING = YES;
				CLANG_WARN_BOOL_CONVERSION = YES;
				CLANG_WARN_COMMA = YES;
				CLANG_WARN_CONSTANT_CONVERSION = YES;
				CLANG_WARN_DEPRECATED_OBJC_IMPLEMENTATIONS = YES;
				CLANG_WARN_DIRECT_OBJC_ISA_USAGE = YES_ERROR;
				CLANG_WARN_DOCUMENTATION_COMMENTS = YES;
				CLANG_WARN_EMPTY_BODY = YES;
				CLANG_WARN_ENUM_CONVERSION = YES;
				CLANG_WARN_INFINITE_RECURSION = YES;
				CLANG_WARN_INT_CONVERSION = YES;
				CLANG_WARN_NON_LITERAL_NULL_CONVERSION = YES;
				CLANG_WARN_OBJC_IMPLICIT_RETAIN_SELF = YES;
				CLANG_WARN_OBJC_LITERAL_CONVERSION = YES;
				CLANG_WARN_OBJC_ROOT_CLASS = YES_ERROR;
				CLANG_WARN_RANGE_LOOP_ANALYSIS = YES;
				CLANG_WARN_STRICT_PROTOTYPES = YES;
				CLANG_WARN_SUSPICIOUS_MOVE = YES;
				CLANG_WARN_UNGUARDED_AVAILABILITY = YES_AGGRESSIVE;
				CLANG_WARN_UNREACHABLE_CODE = YES;
				CLANG_WARN__DUPLICATE_METHOD_MATCH = YES;
				CODE_SIGN_IDENTITY = "iPhone Developer";
				COPY_PHASE_STRIP = NO;
				DEBUG_INFORMATION_FORMAT = "dwarf-with-dsym";
				ENABLE_NS_ASSERTIONS = NO;
				ENABLE_STRICT_OBJC_MSGSEND = YES;
				GCC_C_LANGUAGE_STANDARD = gnu11;
				GCC_NO_COMMON_BLOCKS = YES;
				GCC_WARN_64_TO_32_BIT_CONVERSION = YES;
				GCC_WARN_ABOUT_RETURN_TYPE = YES_ERROR;
				GCC_WARN_UNDECLARED_SELECTOR = YES;
				GCC_WARN_UNINITIALIZED_AUTOS = YES_AGGRESSIVE;
				GCC_WARN_UNUSED_FUNCTION = YES;
				GCC_WARN_UNUSED_VARIABLE = YES;
				IPHONEOS_DEPLOYMENT_TARGET = 12.1;
				MTL_ENABLE_DEBUG_INFO = NO;
				MTL_FAST_MATH = YES;
				SDKROOT = iphoneos;
				SWIFT_COMPILATION_MODE = wholemodule;
				SWIFT_OPTIMIZATION_LEVEL = "-O";
				VALIDATE_PRODUCT = YES;
			};
			name = Release;
		};
		AEE02563228583EE001B721B /* Debug */ = {
			isa = XCBuildConfiguration;
			baseConfigurationReference = A9E1DA2B51706F91244CDD85 /* Pods-TestCollection.debug.xcconfig */;
			buildSettings = {
				ASSETCATALOG_COMPILER_APPICON_NAME = AppIcon;
				CODE_SIGN_STYLE = Automatic;
				DEVELOPMENT_TEAM = LYQM3Q4758;
				INFOPLIST_FILE = TestCollection/Info.plist;
				IPHONEOS_DEPLOYMENT_TARGET = 11.1;
				LD_RUNPATH_SEARCH_PATHS = (
					"$(inherited)",
					"@executable_path/Frameworks",
				);
				PRODUCT_BUNDLE_IDENTIFIER = com.z.algorithm.test.TestCollection;
				PRODUCT_NAME = "$(TARGET_NAME)";
				SWIFT_VERSION = 4.2;
				TARGETED_DEVICE_FAMILY = "1,2";
			};
			name = Debug;
		};
		AEE02564228583EE001B721B /* Release */ = {
			isa = XCBuildConfiguration;
			baseConfigurationReference = E0E518A020347C978D815864 /* Pods-TestCollection.release.xcconfig */;
			buildSettings = {
				ASSETCATALOG_COMPILER_APPICON_NAME = AppIcon;
				CODE_SIGN_STYLE = Automatic;
				DEVELOPMENT_TEAM = LYQM3Q4758;
				INFOPLIST_FILE = TestCollection/Info.plist;
				IPHONEOS_DEPLOYMENT_TARGET = 11.1;
				LD_RUNPATH_SEARCH_PATHS = (
					"$(inherited)",
					"@executable_path/Frameworks",
				);
				PRODUCT_BUNDLE_IDENTIFIER = com.z.algorithm.test.TestCollection;
				PRODUCT_NAME = "$(TARGET_NAME)";
				SWIFT_VERSION = 4.2;
				TARGETED_DEVICE_FAMILY = "1,2";
			};
			name = Release;
		};
		AEE02566228583EE001B721B /* Debug */ = {
			isa = XCBuildConfiguration;
			baseConfigurationReference = BCB8904D759981BA781E7C09 /* Pods-TestCollectionTests.debug.xcconfig */;
			buildSettings = {
				ALWAYS_EMBED_SWIFT_STANDARD_LIBRARIES = YES;
				BUNDLE_LOADER = "$(TEST_HOST)";
				CODE_SIGN_STYLE = Automatic;
				DEVELOPMENT_TEAM = LYQM3Q4758;
				INFOPLIST_FILE = TestCollectionTests/Info.plist;
				LD_RUNPATH_SEARCH_PATHS = (
					"$(inherited)",
					"@executable_path/Frameworks",
					"@loader_path/Frameworks",
				);
				PRODUCT_BUNDLE_IDENTIFIER = com.z.algorithm.test.TestCollectionTests;
				PRODUCT_NAME = "$(TARGET_NAME)";
				SWIFT_VERSION = 4.2;
				TARGETED_DEVICE_FAMILY = "1,2";
				TEST_HOST = "$(BUILT_PRODUCTS_DIR)/TestCollection.app/TestCollection";
			};
			name = Debug;
		};
		AEE02567228583EE001B721B /* Release */ = {
			isa = XCBuildConfiguration;
			baseConfigurationReference = 139C788C55E11CB6348536A3 /* Pods-TestCollectionTests.release.xcconfig */;
			buildSettings = {
				ALWAYS_EMBED_SWIFT_STANDARD_LIBRARIES = YES;
				BUNDLE_LOADER = "$(TEST_HOST)";
				CODE_SIGN_STYLE = Automatic;
				DEVELOPMENT_TEAM = LYQM3Q4758;
				INFOPLIST_FILE = TestCollectionTests/Info.plist;
				LD_RUNPATH_SEARCH_PATHS = (
					"$(inherited)",
					"@executable_path/Frameworks",
					"@loader_path/Frameworks",
				);
				PRODUCT_BUNDLE_IDENTIFIER = com.z.algorithm.test.TestCollectionTests;
				PRODUCT_NAME = "$(TARGET_NAME)";
				SWIFT_VERSION = 4.2;
				TARGETED_DEVICE_FAMILY = "1,2";
				TEST_HOST = "$(BUILT_PRODUCTS_DIR)/TestCollection.app/TestCollection";
			};
			name = Release;
		};
/* End XCBuildConfiguration section */

/* Begin XCConfigurationList section */
		AEE02540228583EA001B721B /* Build configuration list for PBXProject "TestCollection" */ = {
			isa = XCConfigurationList;
			buildConfigurations = (
				AEE02560228583EE001B721B /* Debug */,
				AEE02561228583EE001B721B /* Release */,
			);
			defaultConfigurationIsVisible = 0;
			defaultConfigurationName = Release;
		};
		AEE02562228583EE001B721B /* Build configuration list for PBXNativeTarget "TestCollection" */ = {
			isa = XCConfigurationList;
			buildConfigurations = (
				AEE02563228583EE001B721B /* Debug */,
				AEE02564228583EE001B721B /* Release */,
			);
			defaultConfigurationIsVisible = 0;
			defaultConfigurationName = Release;
		};
		AEE02565228583EE001B721B /* Build configuration list for PBXNativeTarget "TestCollectionTests" */ = {
			isa = XCConfigurationList;
			buildConfigurations = (
				AEE02566228583EE001B721B /* Debug */,
				AEE02567228583EE001B721B /* Release */,
			);
			defaultConfigurationIsVisible = 0;
			defaultConfigurationName = Release;
		};
/* End XCConfigurationList section */
	};
	rootObject = AEE0253D228583EA001B721B /* Project object */;
}
