// !$*UTF8*$!
{
	archiveVersion = 1;
	classes = {
	};
	objectVersion = 51;
	objects = {

/* Begin PBXBuildFile section */
		029FC9591EF9CE5726C8193D /* Pods_TestSwiftStoreKit.framework in Frameworks */ = {isa = PBXBuildFile; fileRef = C89B96C301057600AFD8989C /* Pods_TestSwiftStoreKit.framework */; };
		03FD33AA22FD55300049BCDC /* AppDelegate.swift in Sources */ = {isa = PBXBuildFile; fileRef = 03FD33A922FD55300049BCDC /* AppDelegate.swift */; };
		03FD33AC22FD55300049BCDC /* ViewController.swift in Sources */ = {isa = PBXBuildFile; fileRef = 03FD33AB22FD55300049BCDC /* ViewController.swift */; };
		03FD33AF22FD55300049BCDC /* Main.storyboard in Resources */ = {isa = PBXBuildFile; fileRef = 03FD33AD22FD55300049BCDC /* Main.storyboard */; };
		03FD33B122FD55310049BCDC /* Assets.xcassets in Resources */ = {isa = PBXBuildFile; fileRef = 03FD33B022FD55310049BCDC /* Assets.xcassets */; };
		03FD33B422FD55310049BCDC /* LaunchScreen.storyboard in Resources */ = {isa = PBXBuildFile; fileRef = 03FD33B222FD55310049BCDC /* LaunchScreen.storyboard */; };
		03FD33BC22FD62800049BCDC /* Application.swift in Sources */ = {isa = PBXBuildFile; fileRef = 03FD33BB22FD62800049BCDC /* Application.swift */; };
		03FD33BE22FD7FDE0049BCDC /* PurchaseVerifierManager.swift in Sources */ = {isa = PBXBuildFile; fileRef = 03FD33BD22FD7FDE0049BCDC /* PurchaseVerifierManager.swift */; };
/* End PBXBuildFile section */

/* Begin PBXFileReference section */
		0346BA5423010D8E000B27DF /* TestStoreKit.playground */ = {isa = PBXFileReference; lastKnownFileType = file.playground; path = TestStoreKit.playground; sourceTree = SOURCE_ROOT; xcLanguageSpecificationIdentifier = xcode.lang.swift; };
		03FD33A622FD55300049BCDC /* TestSwiftStoreKit.app */ = {isa = PBXFileReference; explicitFileType = wrapper.application; includeInIndex = 0; path = TestSwiftStoreKit.app; sourceTree = BUILT_PRODUCTS_DIR; };
		03FD33A922FD55300049BCDC /* AppDelegate.swift */ = {isa = PBXFileReference; lastKnownFileType = sourcecode.swift; path = AppDelegate.swift; sourceTree = "<group>"; };
		03FD33AB22FD55300049BCDC /* ViewController.swift */ = {isa = PBXFileReference; lastKnownFileType = sourcecode.swift; path = ViewController.swift; sourceTree = "<group>"; };
		03FD33AE22FD55300049BCDC /* Base */ = {isa = PBXFileReference; lastKnownFileType = file.storyboard; name = Base; path = Base.lproj/Main.storyboard; sourceTree = "<group>"; };
		03FD33B022FD55310049BCDC /* Assets.xcassets */ = {isa = PBXFileReference; lastKnownFileType = folder.assetcatalog; path = Assets.xcassets; sourceTree = "<group>"; };
		03FD33B322FD55310049BCDC /* Base */ = {isa = PBXFileReference; lastKnownFileType = file.storyboard; name = Base; path = Base.lproj/LaunchScreen.storyboard; sourceTree = "<group>"; };
		03FD33B522FD55310049BCDC /* Info.plist */ = {isa = PBXFileReference; lastKnownFileType = text.plist.xml; path = Info.plist; sourceTree = "<group>"; };
		03FD33BB22FD62800049BCDC /* Application.swift */ = {isa = PBXFileReference; lastKnownFileType = sourcecode.swift; path = Application.swift; sourceTree = "<group>"; };
		03FD33BD22FD7FDE0049BCDC /* PurchaseVerifierManager.swift */ = {isa = PBXFileReference; lastKnownFileType = sourcecode.swift; path = PurchaseVerifierManager.swift; sourceTree = "<group>"; };
		0776DE36702E2758C78C2016 /* Pods-TestSwiftStoreKit.debug.xcconfig */ = {isa = PBXFileReference; includeInIndex = 1; lastKnownFileType = text.xcconfig; name = "Pods-TestSwiftStoreKit.debug.xcconfig"; path = "Target Support Files/Pods-TestSwiftStoreKit/Pods-TestSwiftStoreKit.debug.xcconfig"; sourceTree = "<group>"; };
		22BF0827D84B7D29D7DA8BD6 /* Pods-TestSwiftStoreKit.release.xcconfig */ = {isa = PBXFileReference; includeInIndex = 1; lastKnownFileType = text.xcconfig; name = "Pods-TestSwiftStoreKit.release.xcconfig"; path = "Target Support Files/Pods-TestSwiftStoreKit/Pods-TestSwiftStoreKit.release.xcconfig"; sourceTree = "<group>"; };
		C89B96C301057600AFD8989C /* Pods_TestSwiftStoreKit.framework */ = {isa = PBXFileReference; explicitFileType = wrapper.framework; includeInIndex = 0; path = Pods_TestSwiftStoreKit.framework; sourceTree = BUILT_PRODUCTS_DIR; };
/* End PBXFileReference section */

/* Begin PBXFrameworksBuildPhase section */
		03FD33A322FD55300049BCDC /* Frameworks */ = {
			isa = PBXFrameworksBuildPhase;
			buildActionMask = 2147483647;
			files = (
				029FC9591EF9CE5726C8193D /* Pods_TestSwiftStoreKit.framework in Frameworks */,
			);
			runOnlyForDeploymentPostprocessing = 0;
		};
/* End PBXFrameworksBuildPhase section */

/* Begin PBXGroup section */
		03FD339D22FD55300049BCDC = {
			isa = PBXGroup;
			children = (
				0346BA5423010D8E000B27DF /* TestStoreKit.playground */,
				03FD33A822FD55300049BCDC /* TestSwiftStoreKit */,
				03FD33A722FD55300049BCDC /* Products */,
				D674AF170CE4D96DF825E920 /* Pods */,
				3AA45A268F0B08E5E5E02CAB /* Frameworks */,
			);
			sourceTree = "<group>";
		};
		03FD33A722FD55300049BCDC /* Products */ = {
			isa = PBXGroup;
			children = (
				03FD33A622FD55300049BCDC /* TestSwiftStoreKit.app */,
			);
			name = Products;
			sourceTree = "<group>";
		};
		03FD33A822FD55300049BCDC /* TestSwiftStoreKit */ = {
			isa = PBXGroup;
			children = (
				03FD33BB22FD62800049BCDC /* Application.swift */,
				03FD33BD22FD7FDE0049BCDC /* PurchaseVerifierManager.swift */,
				03FD33A922FD55300049BCDC /* AppDelegate.swift */,
				03FD33AB22FD55300049BCDC /* ViewController.swift */,
				03FD33AD22FD55300049BCDC /* Main.storyboard */,
				03FD33B022FD55310049BCDC /* Assets.xcassets */,
				03FD33B222FD55310049BCDC /* LaunchScreen.storyboard */,
				03FD33B522FD55310049BCDC /* Info.plist */,
			);
			path = TestSwiftStoreKit;
			sourceTree = "<group>";
		};
		3AA45A268F0B08E5E5E02CAB /* Frameworks */ = {
			isa = PBXGroup;
			children = (
				C89B96C301057600AFD8989C /* Pods_TestSwiftStoreKit.framework */,
			);
			name = Frameworks;
			sourceTree = "<group>";
		};
		D674AF170CE4D96DF825E920 /* Pods */ = {
			isa = PBXGroup;
			children = (
				0776DE36702E2758C78C2016 /* Pods-TestSwiftStoreKit.debug.xcconfig */,
				22BF0827D84B7D29D7DA8BD6 /* Pods-TestSwiftStoreKit.release.xcconfig */,
			);
			path = Pods;
			sourceTree = "<group>";
		};
/* End PBXGroup section */

/* Begin PBXNativeTarget section */
		03FD33A522FD55300049BCDC /* TestSwiftStoreKit */ = {
			isa = PBXNativeTarget;
			buildConfigurationList = 03FD33B822FD55310049BCDC /* Build configuration list for PBXNativeTarget "TestSwiftStoreKit" */;
			buildPhases = (
				F2AEF268CCF21686CFFA4BF7 /* [CP] Check Pods Manifest.lock */,
				03FD33A222FD55300049BCDC /* Sources */,
				03FD33A322FD55300049BCDC /* Frameworks */,
				03FD33A422FD55300049BCDC /* Resources */,
				7428CC0A89FC598E91459696 /* [CP] Embed Pods Frameworks */,
			);
			buildRules = (
			);
			dependencies = (
			);
			name = TestSwiftStoreKit;
			productName = TestSwiftStoreKit;
			productReference = 03FD33A622FD55300049BCDC /* TestSwiftStoreKit.app */;
			productType = "com.apple.product-type.application";
		};
/* End PBXNativeTarget section */

/* Begin PBXProject section */
		03FD339E22FD55300049BCDC /* Project object */ = {
			isa = PBXProject;
			attributes = {
				LastSwiftUpdateCheck = 1030;
				LastUpgradeCheck = 1030;
				ORGANIZATIONNAME = hsj;
				TargetAttributes = {
					03FD33A522FD55300049BCDC = {
						CreatedOnToolsVersion = 10.3;
					};
				};
			};
			buildConfigurationList = 03FD33A122FD55300049BCDC /* Build configuration list for PBXProject "TestSwiftStoreKit" */;
			compatibilityVersion = "Xcode 9.3";
			developmentRegion = en;
			hasScannedForEncodings = 0;
			knownRegions = (
				en,
				Base,
			);
			mainGroup = 03FD339D22FD55300049BCDC;
			productRefGroup = 03FD33A722FD55300049BCDC /* Products */;
			projectDirPath = "";
			projectRoot = "";
			targets = (
				03FD33A522FD55300049BCDC /* TestSwiftStoreKit */,
			);
		};
/* End PBXProject section */

/* Begin PBXResourcesBuildPhase section */
		03FD33A422FD55300049BCDC /* Resources */ = {
			isa = PBXResourcesBuildPhase;
			buildActionMask = 2147483647;
			files = (
				03FD33B422FD55310049BCDC /* LaunchScreen.storyboard in Resources */,
				03FD33B122FD55310049BCDC /* Assets.xcassets in Resources */,
				03FD33AF22FD55300049BCDC /* Main.storyboard in Resources */,
			);
			runOnlyForDeploymentPostprocessing = 0;
		};
/* End PBXResourcesBuildPhase section */

/* Begin PBXShellScriptBuildPhase section */
		7428CC0A89FC598E91459696 /* [CP] Embed Pods Frameworks */ = {
			isa = PBXShellScriptBuildPhase;
			buildActionMask = 2147483647;
			files = (
			);
			inputFileListPaths = (
				"${PODS_ROOT}/Target Support Files/Pods-TestSwiftStoreKit/Pods-TestSwiftStoreKit-frameworks-${CONFIGURATION}-input-files.xcfilelist",
			);
			name = "[CP] Embed Pods Frameworks";
			outputFileListPaths = (
				"${PODS_ROOT}/Target Support Files/Pods-TestSwiftStoreKit/Pods-TestSwiftStoreKit-frameworks-${CONFIGURATION}-output-files.xcfilelist",
			);
			runOnlyForDeploymentPostprocessing = 0;
			shellPath = /bin/sh;
			shellScript = "\"${PODS_ROOT}/Target Support Files/Pods-TestSwiftStoreKit/Pods-TestSwiftStoreKit-frameworks.sh\"\n";
			showEnvVarsInLog = 0;
		};
		F2AEF268CCF21686CFFA4BF7 /* [CP] Check Pods Manifest.lock */ = {
			isa = PBXShellScriptBuildPhase;
			buildActionMask = 2147483647;
			files = (
			);
			inputFileListPaths = (
			);
			inputPaths = (
				"${PODS_PODFILE_DIR_PATH}/Podfile.lock",
				"${PODS_ROOT}/Manifest.lock",
			);
			name = "[CP] Check Pods Manifest.lock";
			outputFileListPaths = (
			);
			outputPaths = (
				"$(DERIVED_FILE_DIR)/Pods-TestSwiftStoreKit-checkManifestLockResult.txt",
			);
			runOnlyForDeploymentPostprocessing = 0;
			shellPath = /bin/sh;
			shellScript = "diff \"${PODS_PODFILE_DIR_PATH}/Podfile.lock\" \"${PODS_ROOT}/Manifest.lock\" > /dev/null\nif [ $? != 0 ] ; then\n    # print error to STDERR\n    echo \"error: The sandbox is not in sync with the Podfile.lock. Run 'pod install' or update your CocoaPods installation.\" >&2\n    exit 1\nfi\n# This output is used by Xcode 'outputs' to avoid re-running this script phase.\necho \"SUCCESS\" > \"${SCRIPT_OUTPUT_FILE_0}\"\n";
			showEnvVarsInLog = 0;
		};
/* End PBXShellScriptBuildPhase section */

/* Begin PBXSourcesBuildPhase section */
		03FD33A222FD55300049BCDC /* Sources */ = {
			isa = PBXSourcesBuildPhase;
			buildActionMask = 2147483647;
			files = (
				03FD33BC22FD62800049BCDC /* Application.swift in Sources */,
				03FD33AC22FD55300049BCDC /* ViewController.swift in Sources */,
				03FD33AA22FD55300049BCDC /* AppDelegate.swift in Sources */,
				03FD33BE22FD7FDE0049BCDC /* PurchaseVerifierManager.swift in Sources */,
			);
			runOnlyForDeploymentPostprocessing = 0;
		};
/* End PBXSourcesBuildPhase section */

/* Begin PBXVariantGroup section */
		03FD33AD22FD55300049BCDC /* Main.storyboard */ = {
			isa = PBXVariantGroup;
			children = (
				03FD33AE22FD55300049BCDC /* Base */,
			);
			name = Main.storyboard;
			sourceTree = "<group>";
		};
		03FD33B222FD55310049BCDC /* LaunchScreen.storyboard */ = {
			isa = PBXVariantGroup;
			children = (
				03FD33B322FD55310049BCDC /* Base */,
			);
			name = LaunchScreen.storyboard;
			sourceTree = "<group>";
		};
/* End PBXVariantGroup section */

/* Begin XCBuildConfiguration section */
		03FD33B622FD55310049BCDC /* Debug */ = {
			isa = XCBuildConfiguration;
			buildSettings = {
				ALWAYS_SEARCH_USER_PATHS = NO;
				CLANG_ANALYZER_NONNULL = YES;
				CLANG_ANALYZER_NUMBER_OBJECT_CONVERSION = YES_AGGRESSIVE;
				CLANG_CXX_LANGUAGE_STANDARD = "gnu++14";
				CLANG_CXX_LIBRARY = "libc++";
				CLANG_ENABLE_MODULES = YES;
				CLANG_ENABLE_OBJC_ARC = YES;
				CLANG_ENABLE_OBJC_WEAK = YES;
				CLANG_WARN_BLOCK_CAPTURE_AUTORELEASING = YES;
				CLANG_WARN_BOOL_CONVERSION = YES;
				CLANG_WARN_COMMA = YES;
				CLANG_WARN_CONSTANT_CONVERSION = YES;
				CLANG_WARN_DEPRECATED_OBJC_IMPLEMENTATIONS = YES;
				CLANG_WARN_DIRECT_OBJC_ISA_USAGE = YES_ERROR;
				CLANG_WARN_DOCUMENTATION_COMMENTS = YES;
				CLANG_WARN_EMPTY_BODY = YES;
				CLANG_WARN_ENUM_CONVERSION = YES;
				CLANG_WARN_INFINITE_RECURSION = YES;
				CLANG_WARN_INT_CONVERSION = YES;
				CLANG_WARN_NON_LITERAL_NULL_CONVERSION = YES;
				CLANG_WARN_OBJC_IMPLICIT_RETAIN_SELF = YES;
				CLANG_WARN_OBJC_LITERAL_CONVERSION = YES;
				CLANG_WARN_OBJC_ROOT_CLASS = YES_ERROR;
				CLANG_WARN_RANGE_LOOP_ANALYSIS = YES;
				CLANG_WARN_STRICT_PROTOTYPES = YES;
				CLANG_WARN_SUSPICIOUS_MOVE = YES;
				CLANG_WARN_UNGUARDED_AVAILABILITY = YES_AGGRESSIVE;
				CLANG_WARN_UNREACHABLE_CODE = YES;
				CLANG_WARN__DUPLICATE_METHOD_MATCH = YES;
				CODE_SIGN_IDENTITY = "iPhone Developer";
				COPY_PHASE_STRIP = NO;
				DEBUG_INFORMATION_FORMAT = dwarf;
				ENABLE_STRICT_OBJC_MSGSEND = YES;
				ENABLE_TESTABILITY = YES;
				GCC_C_LANGUAGE_STANDARD = gnu11;
				GCC_DYNAMIC_NO_PIC = NO;
				GCC_NO_COMMON_BLOCKS = YES;
				GCC_OPTIMIZATION_LEVEL = 0;
				GCC_PREPROCESSOR_DEFINITIONS = (
					"DEBUG=1",
					"$(inherited)",
				);
				GCC_WARN_64_TO_32_BIT_CONVERSION = YES;
				GCC_WARN_ABOUT_RETURN_TYPE = YES_ERROR;
				GCC_WARN_UNDECLARED_SELECTOR = YES;
				GCC_WARN_UNINITIALIZED_AUTOS = YES_AGGRESSIVE;
				GCC_WARN_UNUSED_FUNCTION = YES;
				GCC_WARN_UNUSED_VARIABLE = YES;
				IPHONEOS_DEPLOYMENT_TARGET = 12.4;
				MTL_ENABLE_DEBUG_INFO = INCLUDE_SOURCE;
				MTL_FAST_MATH = YES;
				ONLY_ACTIVE_ARCH = YES;
				SDKROOT = iphoneos;
				SWIFT_ACTIVE_COMPILATION_CONDITIONS = DEBUG;
				SWIFT_OPTIMIZATION_LEVEL = "-Onone";
			};
			name = Debug;
		};
		03FD33B722FD55310049BCDC /* Release */ = {
			isa = XCBuildConfiguration;
			buildSettings = {
				ALWAYS_SEARCH_USER_PATHS = NO;
				CLANG_ANALYZER_NONNULL = YES;
				CLANG_ANALYZER_NUMBER_OBJECT_CONVERSION = YES_AGGRESSIVE;
				CLANG_CXX_LANGUAGE_STANDARD = "gnu++14";
				CLANG_CXX_LIBRARY = "libc++";
				CLANG_ENABLE_MODULES = YES;
				CLANG_ENABLE_OBJC_ARC = YES;
				CLANG_ENABLE_OBJC_WEAK = YES;
				CLANG_WARN_BLOCK_CAPTURE_AUTORELEASING = YES;
				CLANG_WARN_BOOL_CONVERSION = YES;
				CLANG_WARN_COMMA = YES;
				CLANG_WARN_CONSTANT_CONVERSION = YES;
				CLANG_WARN_DEPRECATED_OBJC_IMPLEMENTATIONS = YES;
				CLANG_WARN_DIRECT_OBJC_ISA_USAGE = YES_ERROR;
				CLANG_WARN_DOCUMENTATION_COMMENTS = YES;
				CLANG_WARN_EMPTY_BODY = YES;
				CLANG_WARN_ENUM_CONVERSION = YES;
				CLANG_WARN_INFINITE_RECURSION = YES;
				CLANG_WARN_INT_CONVERSION = YES;
				CLANG_WARN_NON_LITERAL_NULL_CONVERSION = YES;
				CLANG_WARN_OBJC_IMPLICIT_RETAIN_SELF = YES;
				CLANG_WARN_OBJC_LITERAL_CONVERSION = YES;
				CLANG_WARN_OBJC_ROOT_CLASS = YES_ERROR;
				CLANG_WARN_RANGE_LOOP_ANALYSIS = YES;
				CLANG_WARN_STRICT_PROTOTYPES = YES;
				CLANG_WARN_SUSPICIOUS_MOVE = YES;
				CLANG_WARN_UNGUARDED_AVAILABILITY = YES_AGGRESSIVE;
				CLANG_WARN_UNREACHABLE_CODE = YES;
				CLANG_WARN__DUPLICATE_METHOD_MATCH = YES;
				CODE_SIGN_IDENTITY = "iPhone Developer";
				COPY_PHASE_STRIP = NO;
				DEBUG_INFORMATION_FORMAT = "dwarf-with-dsym";
				ENABLE_NS_ASSERTIONS = NO;
				ENABLE_STRICT_OBJC_MSGSEND = YES;
				GCC_C_LANGUAGE_STANDARD = gnu11;
				GCC_NO_COMMON_BLOCKS = YES;
				GCC_WARN_64_TO_32_BIT_CONVERSION = YES;
				GCC_WARN_ABOUT_RETURN_TYPE = YES_ERROR;
				GCC_WARN_UNDECLARED_SELECTOR = YES;
				GCC_WARN_UNINITIALIZED_AUTOS = YES_AGGRESSIVE;
				GCC_WARN_UNUSED_FUNCTION = YES;
				GCC_WARN_UNUSED_VARIABLE = YES;
				IPHONEOS_DEPLOYMENT_TARGET = 12.4;
				MTL_ENABLE_DEBUG_INFO = NO;
				MTL_FAST_MATH = YES;
				SDKROOT = iphoneos;
				SWIFT_COMPILATION_MODE = wholemodule;
				SWIFT_OPTIMIZATION_LEVEL = "-O";
				VALIDATE_PRODUCT = YES;
			};
			name = Release;
		};
		03FD33B922FD55310049BCDC /* Debug */ = {
			isa = XCBuildConfiguration;
			baseConfigurationReference = 0776DE36702E2758C78C2016 /* Pods-TestSwiftStoreKit.debug.xcconfig */;
			buildSettings = {
				ASSETCATALOG_COMPILER_APPICON_NAME = AppIcon;
				CODE_SIGN_STYLE = Automatic;
				DEVELOPMENT_TEAM = 8D2C365PCE;
				INFOPLIST_FILE = TestSwiftStoreKit/Info.plist;
				IPHONEOS_DEPLOYMENT_TARGET = 11.0;
				LD_RUNPATH_SEARCH_PATHS = (
					"$(inherited)",
					"@executable_path/Frameworks",
				);
				PRODUCT_BUNDLE_IDENTIFIER = com.biblo.ireaderbook;
				PRODUCT_NAME = "$(TARGET_NAME)";
				SWIFT_VERSION = 5.0;
				TARGETED_DEVICE_FAMILY = "1,2";
			};
			name = Debug;
		};
		03FD33BA22FD55310049BCDC /* Release */ = {
			isa = XCBuildConfiguration;
			baseConfigurationReference = 22BF0827D84B7D29D7DA8BD6 /* Pods-TestSwiftStoreKit.release.xcconfig */;
			buildSettings = {
				ASSETCATALOG_COMPILER_APPICON_NAME = AppIcon;
				CODE_SIGN_STYLE = Automatic;
				DEVELOPMENT_TEAM = 8D2C365PCE;
				INFOPLIST_FILE = TestSwiftStoreKit/Info.plist;
				IPHONEOS_DEPLOYMENT_TARGET = 11.0;
				LD_RUNPATH_SEARCH_PATHS = (
					"$(inherited)",
					"@executable_path/Frameworks",
				);
				PRODUCT_BUNDLE_IDENTIFIER = com.biblo.ireaderbook;
				PRODUCT_NAME = "$(TARGET_NAME)";
				SWIFT_VERSION = 5.0;
				TARGETED_DEVICE_FAMILY = "1,2";
			};
			name = Release;
		};
/* End XCBuildConfiguration section */

/* Begin XCConfigurationList section */
		03FD33A122FD55300049BCDC /* Build configuration list for PBXProject "TestSwiftStoreKit" */ = {
			isa = XCConfigurationList;
			buildConfigurations = (
				03FD33B622FD55310049BCDC /* Debug */,
				03FD33B722FD55310049BCDC /* Release */,
			);
			defaultConfigurationIsVisible = 0;
			defaultConfigurationName = Release;
		};
		03FD33B822FD55310049BCDC /* Build configuration list for PBXNativeTarget "TestSwiftStoreKit" */ = {
			isa = XCConfigurationList;
			buildConfigurations = (
				03FD33B922FD55310049BCDC /* Debug */,
				03FD33BA22FD55310049BCDC /* Release */,
			);
			defaultConfigurationIsVisible = 0;
			defaultConfigurationName = Release;
		};
/* End XCConfigurationList section */
	};
	rootObject = 03FD339E22FD55300049BCDC /* Project object */;
}
