// !$*UTF8*$!
{
	archiveVersion = 1;
	classes = {
	};
	objectVersion = 50;
	objects = {

/* Begin PBXBuildFile section */
		66C08F16A2695F992061DE39 /* Pods_TestRealm.framework in Frameworks */ = {isa = PBXBuildFile; fileRef = 528E33FCFF58B22C50C214FE /* Pods_TestRealm.framework */; };
		AE144BA92287B1FE0040B810 /* AppDelegate.swift in Sources */ = {isa = PBXBuildFile; fileRef = AE144BA82287B1FE0040B810 /* AppDelegate.swift */; };
		AE144BAB2287B1FE0040B810 /* ViewController.swift in Sources */ = {isa = PBXBuildFile; fileRef = AE144BAA2287B1FE0040B810 /* ViewController.swift */; };
		AE144BAE2287B1FE0040B810 /* Main.storyboard in Resources */ = {isa = PBXBuildFile; fileRef = AE144BAC2287B1FE0040B810 /* Main.storyboard */; };
		AE144BB02287B2010040B810 /* Assets.xcassets in Resources */ = {isa = PBXBuildFile; fileRef = AE144BAF2287B2010040B810 /* Assets.xcassets */; };
		AE144BB32287B2010040B810 /* LaunchScreen.storyboard in Resources */ = {isa = PBXBuildFile; fileRef = AE144BB12287B2010040B810 /* LaunchScreen.storyboard */; };
		AE144BBE2287B2020040B810 /* TestRealmTests.swift in Sources */ = {isa = PBXBuildFile; fileRef = AE144BBD2287B2020040B810 /* TestRealmTests.swift */; };
		F5998EB7A8D43AEB1BEBD0E3 /* Pods_TestRealmTests.framework in Frameworks */ = {isa = PBXBuildFile; fileRef = 2C5FDE534CA5A1DFD7872C52 /* Pods_TestRealmTests.framework */; };
/* End PBXBuildFile section */

/* Begin PBXContainerItemProxy section */
		AE144BBA2287B2020040B810 /* PBXContainerItemProxy */ = {
			isa = PBXContainerItemProxy;
			containerPortal = AE144B9D2287B1FE0040B810 /* Project object */;
			proxyType = 1;
			remoteGlobalIDString = AE144BA42287B1FE0040B810;
			remoteInfo = TestRealm;
		};
/* End PBXContainerItemProxy section */

/* Begin PBXFileReference section */
		082898AC1803AAE5A03A2C6C /* Pods-TestRealmTests.release.xcconfig */ = {isa = PBXFileReference; includeInIndex = 1; lastKnownFileType = text.xcconfig; name = "Pods-TestRealmTests.release.xcconfig"; path = "Target Support Files/Pods-TestRealmTests/Pods-TestRealmTests.release.xcconfig"; sourceTree = "<group>"; };
		1789E9638861CDBABF275FF8 /* Pods-TestRealm.release.xcconfig */ = {isa = PBXFileReference; includeInIndex = 1; lastKnownFileType = text.xcconfig; name = "Pods-TestRealm.release.xcconfig"; path = "Target Support Files/Pods-TestRealm/Pods-TestRealm.release.xcconfig"; sourceTree = "<group>"; };
		2C5FDE534CA5A1DFD7872C52 /* Pods_TestRealmTests.framework */ = {isa = PBXFileReference; explicitFileType = wrapper.framework; includeInIndex = 0; path = Pods_TestRealmTests.framework; sourceTree = BUILT_PRODUCTS_DIR; };
		528E33FCFF58B22C50C214FE /* Pods_TestRealm.framework */ = {isa = PBXFileReference; explicitFileType = wrapper.framework; includeInIndex = 0; path = Pods_TestRealm.framework; sourceTree = BUILT_PRODUCTS_DIR; };
		74EB21436E03FD83E3A00390 /* Pods-TestRealmTests.debug.xcconfig */ = {isa = PBXFileReference; includeInIndex = 1; lastKnownFileType = text.xcconfig; name = "Pods-TestRealmTests.debug.xcconfig"; path = "Target Support Files/Pods-TestRealmTests/Pods-TestRealmTests.debug.xcconfig"; sourceTree = "<group>"; };
		AE144BA52287B1FE0040B810 /* TestRealm.app */ = {isa = PBXFileReference; explicitFileType = wrapper.application; includeInIndex = 0; path = TestRealm.app; sourceTree = BUILT_PRODUCTS_DIR; };
		AE144BA82287B1FE0040B810 /* AppDelegate.swift */ = {isa = PBXFileReference; lastKnownFileType = sourcecode.swift; path = AppDelegate.swift; sourceTree = "<group>"; };
		AE144BAA2287B1FE0040B810 /* ViewController.swift */ = {isa = PBXFileReference; lastKnownFileType = sourcecode.swift; path = ViewController.swift; sourceTree = "<group>"; };
		AE144BAD2287B1FE0040B810 /* Base */ = {isa = PBXFileReference; lastKnownFileType = file.storyboard; name = Base; path = Base.lproj/Main.storyboard; sourceTree = "<group>"; };
		AE144BAF2287B2010040B810 /* Assets.xcassets */ = {isa = PBXFileReference; lastKnownFileType = folder.assetcatalog; path = Assets.xcassets; sourceTree = "<group>"; };
		AE144BB22287B2010040B810 /* Base */ = {isa = PBXFileReference; lastKnownFileType = file.storyboard; name = Base; path = Base.lproj/LaunchScreen.storyboard; sourceTree = "<group>"; };
		AE144BB42287B2010040B810 /* Info.plist */ = {isa = PBXFileReference; lastKnownFileType = text.plist.xml; path = Info.plist; sourceTree = "<group>"; };
		AE144BB92287B2020040B810 /* TestRealmTests.xctest */ = {isa = PBXFileReference; explicitFileType = wrapper.cfbundle; includeInIndex = 0; path = TestRealmTests.xctest; sourceTree = BUILT_PRODUCTS_DIR; };
		AE144BBD2287B2020040B810 /* TestRealmTests.swift */ = {isa = PBXFileReference; lastKnownFileType = sourcecode.swift; path = TestRealmTests.swift; sourceTree = "<group>"; };
		AE144BBF2287B2020040B810 /* Info.plist */ = {isa = PBXFileReference; lastKnownFileType = text.plist.xml; path = Info.plist; sourceTree = "<group>"; };
		AE144BC82287B8BB0040B810 /* RealmPlayground.playground */ = {isa = PBXFileReference; lastKnownFileType = file.playground; path = RealmPlayground.playground; sourceTree = "<group>"; xcLanguageSpecificationIdentifier = xcode.lang.swift; };
		E569A65B523B62DA274FFF64 /* Pods-TestRealm.debug.xcconfig */ = {isa = PBXFileReference; includeInIndex = 1; lastKnownFileType = text.xcconfig; name = "Pods-TestRealm.debug.xcconfig"; path = "Target Support Files/Pods-TestRealm/Pods-TestRealm.debug.xcconfig"; sourceTree = "<group>"; };
/* End PBXFileReference section */

/* Begin PBXFrameworksBuildPhase section */
		AE144BA22287B1FE0040B810 /* Frameworks */ = {
			isa = PBXFrameworksBuildPhase;
			buildActionMask = 2147483647;
			files = (
				66C08F16A2695F992061DE39 /* Pods_TestRealm.framework in Frameworks */,
			);
			runOnlyForDeploymentPostprocessing = 0;
		};
		AE144BB62287B2020040B810 /* Frameworks */ = {
			isa = PBXFrameworksBuildPhase;
			buildActionMask = 2147483647;
			files = (
				F5998EB7A8D43AEB1BEBD0E3 /* Pods_TestRealmTests.framework in Frameworks */,
			);
			runOnlyForDeploymentPostprocessing = 0;
		};
/* End PBXFrameworksBuildPhase section */

/* Begin PBXGroup section */
		8F13CC75CA4A85A5B2FD633C /* Pods */ = {
			isa = PBXGroup;
			children = (
				E569A65B523B62DA274FFF64 /* Pods-TestRealm.debug.xcconfig */,
				1789E9638861CDBABF275FF8 /* Pods-TestRealm.release.xcconfig */,
				74EB21436E03FD83E3A00390 /* Pods-TestRealmTests.debug.xcconfig */,
				082898AC1803AAE5A03A2C6C /* Pods-TestRealmTests.release.xcconfig */,
			);
			path = Pods;
			sourceTree = "<group>";
		};
		A024B778CCACB8748299A234 /* Frameworks */ = {
			isa = PBXGroup;
			children = (
				528E33FCFF58B22C50C214FE /* Pods_TestRealm.framework */,
				2C5FDE534CA5A1DFD7872C52 /* Pods_TestRealmTests.framework */,
			);
			name = Frameworks;
			sourceTree = "<group>";
		};
		AE144B9C2287B1FE0040B810 = {
			isa = PBXGroup;
			children = (
				AE144BC82287B8BB0040B810 /* RealmPlayground.playground */,
				AE144BA72287B1FE0040B810 /* TestRealm */,
				AE144BBC2287B2020040B810 /* TestRealmTests */,
				AE144BA62287B1FE0040B810 /* Products */,
				8F13CC75CA4A85A5B2FD633C /* Pods */,
				A024B778CCACB8748299A234 /* Frameworks */,
			);
			sourceTree = "<group>";
		};
		AE144BA62287B1FE0040B810 /* Products */ = {
			isa = PBXGroup;
			children = (
				AE144BA52287B1FE0040B810 /* TestRealm.app */,
				AE144BB92287B2020040B810 /* TestRealmTests.xctest */,
			);
			name = Products;
			sourceTree = "<group>";
		};
		AE144BA72287B1FE0040B810 /* TestRealm */ = {
			isa = PBXGroup;
			children = (
				AE144BA82287B1FE0040B810 /* AppDelegate.swift */,
				AE144BAA2287B1FE0040B810 /* ViewController.swift */,
				AE144BAC2287B1FE0040B810 /* Main.storyboard */,
				AE144BAF2287B2010040B810 /* Assets.xcassets */,
				AE144BB12287B2010040B810 /* LaunchScreen.storyboard */,
				AE144BB42287B2010040B810 /* Info.plist */,
			);
			path = TestRealm;
			sourceTree = "<group>";
		};
		AE144BBC2287B2020040B810 /* TestRealmTests */ = {
			isa = PBXGroup;
			children = (
				AE144BBD2287B2020040B810 /* TestRealmTests.swift */,
				AE144BBF2287B2020040B810 /* Info.plist */,
			);
			path = TestRealmTests;
			sourceTree = "<group>";
		};
/* End PBXGroup section */

/* Begin PBXNativeTarget section */
		AE144BA42287B1FE0040B810 /* TestRealm */ = {
			isa = PBXNativeTarget;
			buildConfigurationList = AE144BC22287B2020040B810 /* Build configuration list for PBXNativeTarget "TestRealm" */;
			buildPhases = (
				E513F91A5731606C8CF247E9 /* [CP] Check Pods Manifest.lock */,
				AE144BA12287B1FE0040B810 /* Sources */,
				AE144BA22287B1FE0040B810 /* Frameworks */,
				AE144BA32287B1FE0040B810 /* Resources */,
				4C5779842F7AF6CC00BA18EE /* [CP] Embed Pods Frameworks */,
			);
			buildRules = (
			);
			dependencies = (
			);
			name = TestRealm;
			productName = TestRealm;
			productReference = AE144BA52287B1FE0040B810 /* TestRealm.app */;
			productType = "com.apple.product-type.application";
		};
		AE144BB82287B2020040B810 /* TestRealmTests */ = {
			isa = PBXNativeTarget;
			buildConfigurationList = AE144BC52287B2020040B810 /* Build configuration list for PBXNativeTarget "TestRealmTests" */;
			buildPhases = (
				4CEC5D70821C269E72B799AD /* [CP] Check Pods Manifest.lock */,
				AE144BB52287B2020040B810 /* Sources */,
				AE144BB62287B2020040B810 /* Frameworks */,
				AE144BB72287B2020040B810 /* Resources */,
			);
			buildRules = (
			);
			dependencies = (
				AE144BBB2287B2020040B810 /* PBXTargetDependency */,
			);
			name = TestRealmTests;
			productName = TestRealmTests;
			productReference = AE144BB92287B2020040B810 /* TestRealmTests.xctest */;
			productType = "com.apple.product-type.bundle.unit-test";
		};
/* End PBXNativeTarget section */

/* Begin PBXProject section */
		AE144B9D2287B1FE0040B810 /* Project object */ = {
			isa = PBXProject;
			attributes = {
				LastSwiftUpdateCheck = 1010;
				LastUpgradeCheck = 1010;
				ORGANIZATIONNAME = hsj;
				TargetAttributes = {
					AE144BA42287B1FE0040B810 = {
						CreatedOnToolsVersion = 10.1;
					};
					AE144BB82287B2020040B810 = {
						CreatedOnToolsVersion = 10.1;
						TestTargetID = AE144BA42287B1FE0040B810;
					};
				};
			};
			buildConfigurationList = AE144BA02287B1FE0040B810 /* Build configuration list for PBXProject "TestRealm" */;
			compatibilityVersion = "Xcode 9.3";
			developmentRegion = en;
			hasScannedForEncodings = 0;
			knownRegions = (
				en,
				Base,
			);
			mainGroup = AE144B9C2287B1FE0040B810;
			productRefGroup = AE144BA62287B1FE0040B810 /* Products */;
			projectDirPath = "";
			projectRoot = "";
			targets = (
				AE144BA42287B1FE0040B810 /* TestRealm */,
				AE144BB82287B2020040B810 /* TestRealmTests */,
			);
		};
/* End PBXProject section */

/* Begin PBXResourcesBuildPhase section */
		AE144BA32287B1FE0040B810 /* Resources */ = {
			isa = PBXResourcesBuildPhase;
			buildActionMask = 2147483647;
			files = (
				AE144BB32287B2010040B810 /* LaunchScreen.storyboard in Resources */,
				AE144BB02287B2010040B810 /* Assets.xcassets in Resources */,
				AE144BAE2287B1FE0040B810 /* Main.storyboard in Resources */,
			);
			runOnlyForDeploymentPostprocessing = 0;
		};
		AE144BB72287B2020040B810 /* Resources */ = {
			isa = PBXResourcesBuildPhase;
			buildActionMask = 2147483647;
			files = (
			);
			runOnlyForDeploymentPostprocessing = 0;
		};
/* End PBXResourcesBuildPhase section */

/* Begin PBXShellScriptBuildPhase section */
		4C5779842F7AF6CC00BA18EE /* [CP] Embed Pods Frameworks */ = {
			isa = PBXShellScriptBuildPhase;
			buildActionMask = 2147483647;
			files = (
			);
			inputFileListPaths = (
			);
			inputPaths = (
				"${PODS_ROOT}/Target Support Files/Pods-TestRealm/Pods-TestRealm-frameworks.sh",
				"${BUILT_PRODUCTS_DIR}/Realm/Realm.framework",
				"${BUILT_PRODUCTS_DIR}/RealmSwift/RealmSwift.framework",
			);
			name = "[CP] Embed Pods Frameworks";
			outputFileListPaths = (
			);
			outputPaths = (
				"${TARGET_BUILD_DIR}/${FRAMEWORKS_FOLDER_PATH}/Realm.framework",
				"${TARGET_BUILD_DIR}/${FRAMEWORKS_FOLDER_PATH}/RealmSwift.framework",
			);
			runOnlyForDeploymentPostprocessing = 0;
			shellPath = /bin/sh;
			shellScript = "\"${PODS_ROOT}/Target Support Files/Pods-TestRealm/Pods-TestRealm-frameworks.sh\"\n";
			showEnvVarsInLog = 0;
		};
		4CEC5D70821C269E72B799AD /* [CP] Check Pods Manifest.lock */ = {
			isa = PBXShellScriptBuildPhase;
			buildActionMask = 2147483647;
			files = (
			);
			inputFileListPaths = (
			);
			inputPaths = (
				"${PODS_PODFILE_DIR_PATH}/Podfile.lock",
				"${PODS_ROOT}/Manifest.lock",
			);
			name = "[CP] Check Pods Manifest.lock";
			outputFileListPaths = (
			);
			outputPaths = (
				"$(DERIVED_FILE_DIR)/Pods-TestRealmTests-checkManifestLockResult.txt",
			);
			runOnlyForDeploymentPostprocessing = 0;
			shellPath = /bin/sh;
			shellScript = "diff \"${PODS_PODFILE_DIR_PATH}/Podfile.lock\" \"${PODS_ROOT}/Manifest.lock\" > /dev/null\nif [ $? != 0 ] ; then\n    # print error to STDERR\n    echo \"error: The sandbox is not in sync with the Podfile.lock. Run 'pod install' or update your CocoaPods installation.\" >&2\n    exit 1\nfi\n# This output is used by Xcode 'outputs' to avoid re-running this script phase.\necho \"SUCCESS\" > \"${SCRIPT_OUTPUT_FILE_0}\"\n";
			showEnvVarsInLog = 0;
		};
		E513F91A5731606C8CF247E9 /* [CP] Check Pods Manifest.lock */ = {
			isa = PBXShellScriptBuildPhase;
			buildActionMask = 2147483647;
			files = (
			);
			inputFileListPaths = (
			);
			inputPaths = (
				"${PODS_PODFILE_DIR_PATH}/Podfile.lock",
				"${PODS_ROOT}/Manifest.lock",
			);
			name = "[CP] Check Pods Manifest.lock";
			outputFileListPaths = (
			);
			outputPaths = (
				"$(DERIVED_FILE_DIR)/Pods-TestRealm-checkManifestLockResult.txt",
			);
			runOnlyForDeploymentPostprocessing = 0;
			shellPath = /bin/sh;
			shellScript = "diff \"${PODS_PODFILE_DIR_PATH}/Podfile.lock\" \"${PODS_ROOT}/Manifest.lock\" > /dev/null\nif [ $? != 0 ] ; then\n    # print error to STDERR\n    echo \"error: The sandbox is not in sync with the Podfile.lock. Run 'pod install' or update your CocoaPods installation.\" >&2\n    exit 1\nfi\n# This output is used by Xcode 'outputs' to avoid re-running this script phase.\necho \"SUCCESS\" > \"${SCRIPT_OUTPUT_FILE_0}\"\n";
			showEnvVarsInLog = 0;
		};
/* End PBXShellScriptBuildPhase section */

/* Begin PBXSourcesBuildPhase section */
		AE144BA12287B1FE0040B810 /* Sources */ = {
			isa = PBXSourcesBuildPhase;
			buildActionMask = 2147483647;
			files = (
				AE144BAB2287B1FE0040B810 /* ViewController.swift in Sources */,
				AE144BA92287B1FE0040B810 /* AppDelegate.swift in Sources */,
			);
			runOnlyForDeploymentPostprocessing = 0;
		};
		AE144BB52287B2020040B810 /* Sources */ = {
			isa = PBXSourcesBuildPhase;
			buildActionMask = 2147483647;
			files = (
				AE144BBE2287B2020040B810 /* TestRealmTests.swift in Sources */,
			);
			runOnlyForDeploymentPostprocessing = 0;
		};
/* End PBXSourcesBuildPhase section */

/* Begin PBXTargetDependency section */
		AE144BBB2287B2020040B810 /* PBXTargetDependency */ = {
			isa = PBXTargetDependency;
			target = AE144BA42287B1FE0040B810 /* TestRealm */;
			targetProxy = AE144BBA2287B2020040B810 /* PBXContainerItemProxy */;
		};
/* End PBXTargetDependency section */

/* Begin PBXVariantGroup section */
		AE144BAC2287B1FE0040B810 /* Main.storyboard */ = {
			isa = PBXVariantGroup;
			children = (
				AE144BAD2287B1FE0040B810 /* Base */,
			);
			name = Main.storyboard;
			sourceTree = "<group>";
		};
		AE144BB12287B2010040B810 /* LaunchScreen.storyboard */ = {
			isa = PBXVariantGroup;
			children = (
				AE144BB22287B2010040B810 /* Base */,
			);
			name = LaunchScreen.storyboard;
			sourceTree = "<group>";
		};
/* End PBXVariantGroup section */

/* Begin XCBuildConfiguration section */
		AE144BC02287B2020040B810 /* Debug */ = {
			isa = XCBuildConfiguration;
			buildSettings = {
				ALWAYS_SEARCH_USER_PATHS = NO;
				CLANG_ANALYZER_NONNULL = YES;
				CLANG_ANALYZER_NUMBER_OBJECT_CONVERSION = YES_AGGRESSIVE;
				CLANG_CXX_LANGUAGE_STANDARD = "gnu++14";
				CLANG_CXX_LIBRARY = "libc++";
				CLANG_ENABLE_MODULES = YES;
				CLANG_ENABLE_OBJC_ARC = YES;
				CLANG_ENABLE_OBJC_WEAK = YES;
				CLANG_WARN_BLOCK_CAPTURE_AUTORELEASING = YES;
				CLANG_WARN_BOOL_CONVERSION = YES;
				CLANG_WARN_COMMA = YES;
				CLANG_WARN_CONSTANT_CONVERSION = YES;
				CLANG_WARN_DEPRECATED_OBJC_IMPLEMENTATIONS = YES;
				CLANG_WARN_DIRECT_OBJC_ISA_USAGE = YES_ERROR;
				CLANG_WARN_DOCUMENTATION_COMMENTS = YES;
				CLANG_WARN_EMPTY_BODY = YES;
				CLANG_WARN_ENUM_CONVERSION = YES;
				CLANG_WARN_INFINITE_RECURSION = YES;
				CLANG_WARN_INT_CONVERSION = YES;
				CLANG_WARN_NON_LITERAL_NULL_CONVERSION = YES;
				CLANG_WARN_OBJC_IMPLICIT_RETAIN_SELF = YES;
				CLANG_WARN_OBJC_LITERAL_CONVERSION = YES;
				CLANG_WARN_OBJC_ROOT_CLASS = YES_ERROR;
				CLANG_WARN_RANGE_LOOP_ANALYSIS = YES;
				CLANG_WARN_STRICT_PROTOTYPES = YES;
				CLANG_WARN_SUSPICIOUS_MOVE = YES;
				CLANG_WARN_UNGUARDED_AVAILABILITY = YES_AGGRESSIVE;
				CLANG_WARN_UNREACHABLE_CODE = YES;
				CLANG_WARN__DUPLICATE_METHOD_MATCH = YES;
				CODE_SIGN_IDENTITY = "iPhone Developer";
				COPY_PHASE_STRIP = NO;
				DEBUG_INFORMATION_FORMAT = dwarf;
				ENABLE_STRICT_OBJC_MSGSEND = YES;
				ENABLE_TESTABILITY = YES;
				GCC_C_LANGUAGE_STANDARD = gnu11;
				GCC_DYNAMIC_NO_PIC = NO;
				GCC_NO_COMMON_BLOCKS = YES;
				GCC_OPTIMIZATION_LEVEL = 0;
				GCC_PREPROCESSOR_DEFINITIONS = (
					"DEBUG=1",
					"$(inherited)",
				);
				GCC_WARN_64_TO_32_BIT_CONVERSION = YES;
				GCC_WARN_ABOUT_RETURN_TYPE = YES_ERROR;
				GCC_WARN_UNDECLARED_SELECTOR = YES;
				GCC_WARN_UNINITIALIZED_AUTOS = YES_AGGRESSIVE;
				GCC_WARN_UNUSED_FUNCTION = YES;
				GCC_WARN_UNUSED_VARIABLE = YES;
				IPHONEOS_DEPLOYMENT_TARGET = 12.1;
				MTL_ENABLE_DEBUG_INFO = INCLUDE_SOURCE;
				MTL_FAST_MATH = YES;
				ONLY_ACTIVE_ARCH = YES;
				SDKROOT = iphoneos;
				SWIFT_ACTIVE_COMPILATION_CONDITIONS = DEBUG;
				SWIFT_OPTIMIZATION_LEVEL = "-Onone";
			};
			name = Debug;
		};
		AE144BC12287B2020040B810 /* Release */ = {
			isa = XCBuildConfiguration;
			buildSettings = {
				ALWAYS_SEARCH_USER_PATHS = NO;
				CLANG_ANALYZER_NONNULL = YES;
				CLANG_ANALYZER_NUMBER_OBJECT_CONVERSION = YES_AGGRESSIVE;
				CLANG_CXX_LANGUAGE_STANDARD = "gnu++14";
				CLANG_CXX_LIBRARY = "libc++";
				CLANG_ENABLE_MODULES = YES;
				CLANG_ENABLE_OBJC_ARC = YES;
				CLANG_ENABLE_OBJC_WEAK = YES;
				CLANG_WARN_BLOCK_CAPTURE_AUTORELEASING = YES;
				CLANG_WARN_BOOL_CONVERSION = YES;
				CLANG_WARN_COMMA = YES;
				CLANG_WARN_CONSTANT_CONVERSION = YES;
				CLANG_WARN_DEPRECATED_OBJC_IMPLEMENTATIONS = YES;
				CLANG_WARN_DIRECT_OBJC_ISA_USAGE = YES_ERROR;
				CLANG_WARN_DOCUMENTATION_COMMENTS = YES;
				CLANG_WARN_EMPTY_BODY = YES;
				CLANG_WARN_ENUM_CONVERSION = YES;
				CLANG_WARN_INFINITE_RECURSION = YES;
				CLANG_WARN_INT_CONVERSION = YES;
				CLANG_WARN_NON_LITERAL_NULL_CONVERSION = YES;
				CLANG_WARN_OBJC_IMPLICIT_RETAIN_SELF = YES;
				CLANG_WARN_OBJC_LITERAL_CONVERSION = YES;
				CLANG_WARN_OBJC_ROOT_CLASS = YES_ERROR;
				CLANG_WARN_RANGE_LOOP_ANALYSIS = YES;
				CLANG_WARN_STRICT_PROTOTYPES = YES;
				CLANG_WARN_SUSPICIOUS_MOVE = YES;
				CLANG_WARN_UNGUARDED_AVAILABILITY = YES_AGGRESSIVE;
				CLANG_WARN_UNREACHABLE_CODE = YES;
				CLANG_WARN__DUPLICATE_METHOD_MATCH = YES;
				CODE_SIGN_IDENTITY = "iPhone Developer";
				COPY_PHASE_STRIP = NO;
				DEBUG_INFORMATION_FORMAT = "dwarf-with-dsym";
				ENABLE_NS_ASSERTIONS = NO;
				ENABLE_STRICT_OBJC_MSGSEND = YES;
				GCC_C_LANGUAGE_STANDARD = gnu11;
				GCC_NO_COMMON_BLOCKS = YES;
				GCC_WARN_64_TO_32_BIT_CONVERSION = YES;
				GCC_WARN_ABOUT_RETURN_TYPE = YES_ERROR;
				GCC_WARN_UNDECLARED_SELECTOR = YES;
				GCC_WARN_UNINITIALIZED_AUTOS = YES_AGGRESSIVE;
				GCC_WARN_UNUSED_FUNCTION = YES;
				GCC_WARN_UNUSED_VARIABLE = YES;
				IPHONEOS_DEPLOYMENT_TARGET = 12.1;
				MTL_ENABLE_DEBUG_INFO = NO;
				MTL_FAST_MATH = YES;
				SDKROOT = iphoneos;
				SWIFT_COMPILATION_MODE = wholemodule;
				SWIFT_OPTIMIZATION_LEVEL = "-O";
				VALIDATE_PRODUCT = YES;
			};
			name = Release;
		};
		AE144BC32287B2020040B810 /* Debug */ = {
			isa = XCBuildConfiguration;
			baseConfigurationReference = E569A65B523B62DA274FFF64 /* Pods-TestRealm.debug.xcconfig */;
			buildSettings = {
				ASSETCATALOG_COMPILER_APPICON_NAME = AppIcon;
				CODE_SIGN_STYLE = Automatic;
				DEVELOPMENT_TEAM = LYQM3Q4758;
				INFOPLIST_FILE = TestRealm/Info.plist;
				IPHONEOS_DEPLOYMENT_TARGET = 9.0;
				LD_RUNPATH_SEARCH_PATHS = (
					"$(inherited)",
					"@executable_path/Frameworks",
				);
				PRODUCT_BUNDLE_IDENTIFIER = com.z.algorithm.test.TestRealm;
				PRODUCT_NAME = "$(TARGET_NAME)";
				SWIFT_VERSION = 4.2;
				TARGETED_DEVICE_FAMILY = "1,2";
			};
			name = Debug;
		};
		AE144BC42287B2020040B810 /* Release */ = {
			isa = XCBuildConfiguration;
			baseConfigurationReference = 1789E9638861CDBABF275FF8 /* Pods-TestRealm.release.xcconfig */;
			buildSettings = {
				ASSETCATALOG_COMPILER_APPICON_NAME = AppIcon;
				CODE_SIGN_STYLE = Automatic;
				DEVELOPMENT_TEAM = LYQM3Q4758;
				INFOPLIST_FILE = TestRealm/Info.plist;
				IPHONEOS_DEPLOYMENT_TARGET = 9.0;
				LD_RUNPATH_SEARCH_PATHS = (
					"$(inherited)",
					"@executable_path/Frameworks",
				);
				PRODUCT_BUNDLE_IDENTIFIER = com.z.algorithm.test.TestRealm;
				PRODUCT_NAME = "$(TARGET_NAME)";
				SWIFT_VERSION = 4.2;
				TARGETED_DEVICE_FAMILY = "1,2";
			};
			name = Release;
		};
		AE144BC62287B2020040B810 /* Debug */ = {
			isa = XCBuildConfiguration;
			baseConfigurationReference = 74EB21436E03FD83E3A00390 /* Pods-TestRealmTests.debug.xcconfig */;
			buildSettings = {
				ALWAYS_EMBED_SWIFT_STANDARD_LIBRARIES = YES;
				BUNDLE_LOADER = "$(TEST_HOST)";
				CODE_SIGN_STYLE = Automatic;
				DEVELOPMENT_TEAM = LYQM3Q4758;
				INFOPLIST_FILE = TestRealmTests/Info.plist;
				LD_RUNPATH_SEARCH_PATHS = (
					"$(inherited)",
					"@executable_path/Frameworks",
					"@loader_path/Frameworks",
				);
				PRODUCT_BUNDLE_IDENTIFIER = com.z.algorithm.test.TestRealmTests;
				PRODUCT_NAME = "$(TARGET_NAME)";
				SWIFT_VERSION = 4.2;
				TARGETED_DEVICE_FAMILY = "1,2";
				TEST_HOST = "$(BUILT_PRODUCTS_DIR)/TestRealm.app/TestRealm";
			};
			name = Debug;
		};
		AE144BC72287B2020040B810 /* Release */ = {
			isa = XCBuildConfiguration;
			baseConfigurationReference = 082898AC1803AAE5A03A2C6C /* Pods-TestRealmTests.release.xcconfig */;
			buildSettings = {
				ALWAYS_EMBED_SWIFT_STANDARD_LIBRARIES = YES;
				BUNDLE_LOADER = "$(TEST_HOST)";
				CODE_SIGN_STYLE = Automatic;
				DEVELOPMENT_TEAM = LYQM3Q4758;
				INFOPLIST_FILE = TestRealmTests/Info.plist;
				LD_RUNPATH_SEARCH_PATHS = (
					"$(inherited)",
					"@executable_path/Frameworks",
					"@loader_path/Frameworks",
				);
				PRODUCT_BUNDLE_IDENTIFIER = com.z.algorithm.test.TestRealmTests;
				PRODUCT_NAME = "$(TARGET_NAME)";
				SWIFT_VERSION = 4.2;
				TARGETED_DEVICE_FAMILY = "1,2";
				TEST_HOST = "$(BUILT_PRODUCTS_DIR)/TestRealm.app/TestRealm";
			};
			name = Release;
		};
/* End XCBuildConfiguration section */

/* Begin XCConfigurationList section */
		AE144BA02287B1FE0040B810 /* Build configuration list for PBXProject "TestRealm" */ = {
			isa = XCConfigurationList;
			buildConfigurations = (
				AE144BC02287B2020040B810 /* Debug */,
				AE144BC12287B2020040B810 /* Release */,
			);
			defaultConfigurationIsVisible = 0;
			defaultConfigurationName = Release;
		};
		AE144BC22287B2020040B810 /* Build configuration list for PBXNativeTarget "TestRealm" */ = {
			isa = XCConfigurationList;
			buildConfigurations = (
				AE144BC32287B2020040B810 /* Debug */,
				AE144BC42287B2020040B810 /* Release */,
			);
			defaultConfigurationIsVisible = 0;
			defaultConfigurationName = Release;
		};
		AE144BC52287B2020040B810 /* Build configuration list for PBXNativeTarget "TestRealmTests" */ = {
			isa = XCConfigurationList;
			buildConfigurations = (
				AE144BC62287B2020040B810 /* Debug */,
				AE144BC72287B2020040B810 /* Release */,
			);
			defaultConfigurationIsVisible = 0;
			defaultConfigurationName = Release;
		};
/* End XCConfigurationList section */
	};
	rootObject = AE144B9D2287B1FE0040B810 /* Project object */;
}
