// !$*UTF8*$!
{
	archiveVersion = 1;
	classes = {
	};
	objectVersion = 50;
	objects = {

/* Begin PBXBuildFile section */
		96A9B9D230D72AED85605325 /* Pods_TestGrowingIO.framework in Frameworks */ = {isa = PBXBuildFile; fileRef = 3E0243580E2624CF13BD0254 /* Pods_TestGrowingIO.framework */; };
		AE7020BD22BB299B00803281 /* AppDelegate.swift in Sources */ = {isa = PBXBuildFile; fileRef = AE7020BC22BB299B00803281 /* AppDelegate.swift */; };
		AE7020BF22BB299B00803281 /* ViewController.swift in Sources */ = {isa = PBXBuildFile; fileRef = AE7020BE22BB299B00803281 /* ViewController.swift */; };
		AE7020C222BB299B00803281 /* Main.storyboard in Resources */ = {isa = PBXBuildFile; fileRef = AE7020C022BB299B00803281 /* Main.storyboard */; };
		AE7020C422BB299E00803281 /* Assets.xcassets in Resources */ = {isa = PBXBuildFile; fileRef = AE7020C322BB299E00803281 /* Assets.xcassets */; };
		AE7020C722BB299E00803281 /* LaunchScreen.storyboard in Resources */ = {isa = PBXBuildFile; fileRef = AE7020C522BB299E00803281 /* LaunchScreen.storyboard */; };
/* End PBXBuildFile section */

/* Begin PBXFileReference section */
		3E0243580E2624CF13BD0254 /* Pods_TestGrowingIO.framework */ = {isa = PBXFileReference; explicitFileType = wrapper.framework; includeInIndex = 0; path = Pods_TestGrowingIO.framework; sourceTree = BUILT_PRODUCTS_DIR; };
		4A9528B34C2D8396632295E2 /* Pods-TestGrowingIO.release.xcconfig */ = {isa = PBXFileReference; includeInIndex = 1; lastKnownFileType = text.xcconfig; name = "Pods-TestGrowingIO.release.xcconfig"; path = "Target Support Files/Pods-TestGrowingIO/Pods-TestGrowingIO.release.xcconfig"; sourceTree = "<group>"; };
		8C74242FC9ABF5954857B0B3 /* Pods-TestGrowingIO.debug.xcconfig */ = {isa = PBXFileReference; includeInIndex = 1; lastKnownFileType = text.xcconfig; name = "Pods-TestGrowingIO.debug.xcconfig"; path = "Target Support Files/Pods-TestGrowingIO/Pods-TestGrowingIO.debug.xcconfig"; sourceTree = "<group>"; };
		AE7020B922BB299B00803281 /* TestGrowingIO.app */ = {isa = PBXFileReference; explicitFileType = wrapper.application; includeInIndex = 0; path = TestGrowingIO.app; sourceTree = BUILT_PRODUCTS_DIR; };
		AE7020BC22BB299B00803281 /* AppDelegate.swift */ = {isa = PBXFileReference; lastKnownFileType = sourcecode.swift; path = AppDelegate.swift; sourceTree = "<group>"; };
		AE7020BE22BB299B00803281 /* ViewController.swift */ = {isa = PBXFileReference; lastKnownFileType = sourcecode.swift; path = ViewController.swift; sourceTree = "<group>"; };
		AE7020C122BB299B00803281 /* Base */ = {isa = PBXFileReference; lastKnownFileType = file.storyboard; name = Base; path = Base.lproj/Main.storyboard; sourceTree = "<group>"; };
		AE7020C322BB299E00803281 /* Assets.xcassets */ = {isa = PBXFileReference; lastKnownFileType = folder.assetcatalog; path = Assets.xcassets; sourceTree = "<group>"; };
		AE7020C622BB299E00803281 /* Base */ = {isa = PBXFileReference; lastKnownFileType = file.storyboard; name = Base; path = Base.lproj/LaunchScreen.storyboard; sourceTree = "<group>"; };
		AE7020C822BB299E00803281 /* Info.plist */ = {isa = PBXFileReference; lastKnownFileType = text.plist.xml; path = Info.plist; sourceTree = "<group>"; };
		AE7020CE22BB2CE500803281 /* TestGrowingIO-Bridging-Header.h */ = {isa = PBXFileReference; lastKnownFileType = sourcecode.c.h; path = "TestGrowingIO-Bridging-Header.h"; sourceTree = "<group>"; };
/* End PBXFileReference section */

/* Begin PBXFrameworksBuildPhase section */
		AE7020B622BB299B00803281 /* Frameworks */ = {
			isa = PBXFrameworksBuildPhase;
			buildActionMask = 2147483647;
			files = (
				96A9B9D230D72AED85605325 /* Pods_TestGrowingIO.framework in Frameworks */,
			);
			runOnlyForDeploymentPostprocessing = 0;
		};
/* End PBXFrameworksBuildPhase section */

/* Begin PBXGroup section */
		01ABAC252625A290D1A0F022 /* Frameworks */ = {
			isa = PBXGroup;
			children = (
				3E0243580E2624CF13BD0254 /* Pods_TestGrowingIO.framework */,
			);
			name = Frameworks;
			sourceTree = "<group>";
		};
		5E564221467CB1BD7CF8B6F2 /* Pods */ = {
			isa = PBXGroup;
			children = (
				8C74242FC9ABF5954857B0B3 /* Pods-TestGrowingIO.debug.xcconfig */,
				4A9528B34C2D8396632295E2 /* Pods-TestGrowingIO.release.xcconfig */,
			);
			path = Pods;
			sourceTree = "<group>";
		};
		AE7020B022BB299B00803281 = {
			isa = PBXGroup;
			children = (
				AE7020BB22BB299B00803281 /* TestGrowingIO */,
				AE7020BA22BB299B00803281 /* Products */,
				5E564221467CB1BD7CF8B6F2 /* Pods */,
				01ABAC252625A290D1A0F022 /* Frameworks */,
			);
			sourceTree = "<group>";
		};
		AE7020BA22BB299B00803281 /* Products */ = {
			isa = PBXGroup;
			children = (
				AE7020B922BB299B00803281 /* TestGrowingIO.app */,
			);
			name = Products;
			sourceTree = "<group>";
		};
		AE7020BB22BB299B00803281 /* TestGrowingIO */ = {
			isa = PBXGroup;
			children = (
				AE7020BC22BB299B00803281 /* AppDelegate.swift */,
				AE7020BE22BB299B00803281 /* ViewController.swift */,
				AE7020C022BB299B00803281 /* Main.storyboard */,
				AE7020C322BB299E00803281 /* Assets.xcassets */,
				AE7020C522BB299E00803281 /* LaunchScreen.storyboard */,
				AE7020C822BB299E00803281 /* Info.plist */,
				AE7020CE22BB2CE500803281 /* TestGrowingIO-Bridging-Header.h */,
			);
			path = TestGrowingIO;
			sourceTree = "<group>";
		};
/* End PBXGroup section */

/* Begin PBXNativeTarget section */
		AE7020B822BB299B00803281 /* TestGrowingIO */ = {
			isa = PBXNativeTarget;
			buildConfigurationList = AE7020CB22BB299E00803281 /* Build configuration list for PBXNativeTarget "TestGrowingIO" */;
			buildPhases = (
				C86805D91B3D4BCFE013E0BC /* [CP] Check Pods Manifest.lock */,
				AE7020B522BB299B00803281 /* Sources */,
				AE7020B622BB299B00803281 /* Frameworks */,
				AE7020B722BB299B00803281 /* Resources */,
			);
			buildRules = (
			);
			dependencies = (
			);
			name = TestGrowingIO;
			productName = TestGrowingIO;
			productReference = AE7020B922BB299B00803281 /* TestGrowingIO.app */;
			productType = "com.apple.product-type.application";
		};
/* End PBXNativeTarget section */

/* Begin PBXProject section */
		AE7020B122BB299B00803281 /* Project object */ = {
			isa = PBXProject;
			attributes = {
				LastSwiftUpdateCheck = 1020;
				LastUpgradeCheck = 1020;
				ORGANIZATIONNAME = hsj;
				TargetAttributes = {
					AE7020B822BB299B00803281 = {
						CreatedOnToolsVersion = 10.2.1;
						LastSwiftMigration = 1020;
					};
				};
			};
			buildConfigurationList = AE7020B422BB299B00803281 /* Build configuration list for PBXProject "TestGrowingIO" */;
			compatibilityVersion = "Xcode 9.3";
			developmentRegion = en;
			hasScannedForEncodings = 0;
			knownRegions = (
				en,
				Base,
			);
			mainGroup = AE7020B022BB299B00803281;
			productRefGroup = AE7020BA22BB299B00803281 /* Products */;
			projectDirPath = "";
			projectRoot = "";
			targets = (
				AE7020B822BB299B00803281 /* TestGrowingIO */,
			);
		};
/* End PBXProject section */

/* Begin PBXResourcesBuildPhase section */
		AE7020B722BB299B00803281 /* Resources */ = {
			isa = PBXResourcesBuildPhase;
			buildActionMask = 2147483647;
			files = (
				AE7020C722BB299E00803281 /* LaunchScreen.storyboard in Resources */,
				AE7020C422BB299E00803281 /* Assets.xcassets in Resources */,
				AE7020C222BB299B00803281 /* Main.storyboard in Resources */,
			);
			runOnlyForDeploymentPostprocessing = 0;
		};
/* End PBXResourcesBuildPhase section */

/* Begin PBXShellScriptBuildPhase section */
		C86805D91B3D4BCFE013E0BC /* [CP] Check Pods Manifest.lock */ = {
			isa = PBXShellScriptBuildPhase;
			buildActionMask = 2147483647;
			files = (
			);
			inputFileListPaths = (
			);
			inputPaths = (
				"${PODS_PODFILE_DIR_PATH}/Podfile.lock",
				"${PODS_ROOT}/Manifest.lock",
			);
			name = "[CP] Check Pods Manifest.lock";
			outputFileListPaths = (
			);
			outputPaths = (
				"$(DERIVED_FILE_DIR)/Pods-TestGrowingIO-checkManifestLockResult.txt",
			);
			runOnlyForDeploymentPostprocessing = 0;
			shellPath = /bin/sh;
			shellScript = "diff \"${PODS_PODFILE_DIR_PATH}/Podfile.lock\" \"${PODS_ROOT}/Manifest.lock\" > /dev/null\nif [ $? != 0 ] ; then\n    # print error to STDERR\n    echo \"error: The sandbox is not in sync with the Podfile.lock. Run 'pod install' or update your CocoaPods installation.\" >&2\n    exit 1\nfi\n# This output is used by Xcode 'outputs' to avoid re-running this script phase.\necho \"SUCCESS\" > \"${SCRIPT_OUTPUT_FILE_0}\"\n";
			showEnvVarsInLog = 0;
		};
/* End PBXShellScriptBuildPhase section */

/* Begin PBXSourcesBuildPhase section */
		AE7020B522BB299B00803281 /* Sources */ = {
			isa = PBXSourcesBuildPhase;
			buildActionMask = 2147483647;
			files = (
				AE7020BF22BB299B00803281 /* ViewController.swift in Sources */,
				AE7020BD22BB299B00803281 /* AppDelegate.swift in Sources */,
			);
			runOnlyForDeploymentPostprocessing = 0;
		};
/* End PBXSourcesBuildPhase section */

/* Begin PBXVariantGroup section */
		AE7020C022BB299B00803281 /* Main.storyboard */ = {
			isa = PBXVariantGroup;
			children = (
				AE7020C122BB299B00803281 /* Base */,
			);
			name = Main.storyboard;
			sourceTree = "<group>";
		};
		AE7020C522BB299E00803281 /* LaunchScreen.storyboard */ = {
			isa = PBXVariantGroup;
			children = (
				AE7020C622BB299E00803281 /* Base */,
			);
			name = LaunchScreen.storyboard;
			sourceTree = "<group>";
		};
/* End PBXVariantGroup section */

/* Begin XCBuildConfiguration section */
		AE7020C922BB299E00803281 /* Debug */ = {
			isa = XCBuildConfiguration;
			buildSettings = {
				ALWAYS_SEARCH_USER_PATHS = NO;
				CLANG_ANALYZER_NONNULL = YES;
				CLANG_ANALYZER_NUMBER_OBJECT_CONVERSION = YES_AGGRESSIVE;
				CLANG_CXX_LANGUAGE_STANDARD = "gnu++14";
				CLANG_CXX_LIBRARY = "libc++";
				CLANG_ENABLE_MODULES = YES;
				CLANG_ENABLE_OBJC_ARC = YES;
				CLANG_ENABLE_OBJC_WEAK = YES;
				CLANG_WARN_BLOCK_CAPTURE_AUTORELEASING = YES;
				CLANG_WARN_BOOL_CONVERSION = YES;
				CLANG_WARN_COMMA = YES;
				CLANG_WARN_CONSTANT_CONVERSION = YES;
				CLANG_WARN_DEPRECATED_OBJC_IMPLEMENTATIONS = YES;
				CLANG_WARN_DIRECT_OBJC_ISA_USAGE = YES_ERROR;
				CLANG_WARN_DOCUMENTATION_COMMENTS = YES;
				CLANG_WARN_EMPTY_BODY = YES;
				CLANG_WARN_ENUM_CONVERSION = YES;
				CLANG_WARN_INFINITE_RECURSION = YES;
				CLANG_WARN_INT_CONVERSION = YES;
				CLANG_WARN_NON_LITERAL_NULL_CONVERSION = YES;
				CLANG_WARN_OBJC_IMPLICIT_RETAIN_SELF = YES;
				CLANG_WARN_OBJC_LITERAL_CONVERSION = YES;
				CLANG_WARN_OBJC_ROOT_CLASS = YES_ERROR;
				CLANG_WARN_RANGE_LOOP_ANALYSIS = YES;
				CLANG_WARN_STRICT_PROTOTYPES = YES;
				CLANG_WARN_SUSPICIOUS_MOVE = YES;
				CLANG_WARN_UNGUARDED_AVAILABILITY = YES_AGGRESSIVE;
				CLANG_WARN_UNREACHABLE_CODE = YES;
				CLANG_WARN__DUPLICATE_METHOD_MATCH = YES;
				CODE_SIGN_IDENTITY = "iPhone Developer";
				COPY_PHASE_STRIP = NO;
				DEBUG_INFORMATION_FORMAT = dwarf;
				ENABLE_STRICT_OBJC_MSGSEND = YES;
				ENABLE_TESTABILITY = YES;
				GCC_C_LANGUAGE_STANDARD = gnu11;
				GCC_DYNAMIC_NO_PIC = NO;
				GCC_NO_COMMON_BLOCKS = YES;
				GCC_OPTIMIZATION_LEVEL = 0;
				GCC_PREPROCESSOR_DEFINITIONS = (
					"DEBUG=1",
					"$(inherited)",
				);
				GCC_WARN_64_TO_32_BIT_CONVERSION = YES;
				GCC_WARN_ABOUT_RETURN_TYPE = YES_ERROR;
				GCC_WARN_UNDECLARED_SELECTOR = YES;
				GCC_WARN_UNINITIALIZED_AUTOS = YES_AGGRESSIVE;
				GCC_WARN_UNUSED_FUNCTION = YES;
				GCC_WARN_UNUSED_VARIABLE = YES;
				IPHONEOS_DEPLOYMENT_TARGET = 12.2;
				MTL_ENABLE_DEBUG_INFO = INCLUDE_SOURCE;
				MTL_FAST_MATH = YES;
				ONLY_ACTIVE_ARCH = YES;
				SDKROOT = iphoneos;
				SWIFT_ACTIVE_COMPILATION_CONDITIONS = DEBUG;
				SWIFT_OPTIMIZATION_LEVEL = "-Onone";
			};
			name = Debug;
		};
		AE7020CA22BB299E00803281 /* Release */ = {
			isa = XCBuildConfiguration;
			buildSettings = {
				ALWAYS_SEARCH_USER_PATHS = NO;
				CLANG_ANALYZER_NONNULL = YES;
				CLANG_ANALYZER_NUMBER_OBJECT_CONVERSION = YES_AGGRESSIVE;
				CLANG_CXX_LANGUAGE_STANDARD = "gnu++14";
				CLANG_CXX_LIBRARY = "libc++";
				CLANG_ENABLE_MODULES = YES;
				CLANG_ENABLE_OBJC_ARC = YES;
				CLANG_ENABLE_OBJC_WEAK = YES;
				CLANG_WARN_BLOCK_CAPTURE_AUTORELEASING = YES;
				CLANG_WARN_BOOL_CONVERSION = YES;
				CLANG_WARN_COMMA = YES;
				CLANG_WARN_CONSTANT_CONVERSION = YES;
				CLANG_WARN_DEPRECATED_OBJC_IMPLEMENTATIONS = YES;
				CLANG_WARN_DIRECT_OBJC_ISA_USAGE = YES_ERROR;
				CLANG_WARN_DOCUMENTATION_COMMENTS = YES;
				CLANG_WARN_EMPTY_BODY = YES;
				CLANG_WARN_ENUM_CONVERSION = YES;
				CLANG_WARN_INFINITE_RECURSION = YES;
				CLANG_WARN_INT_CONVERSION = YES;
				CLANG_WARN_NON_LITERAL_NULL_CONVERSION = YES;
				CLANG_WARN_OBJC_IMPLICIT_RETAIN_SELF = YES;
				CLANG_WARN_OBJC_LITERAL_CONVERSION = YES;
				CLANG_WARN_OBJC_ROOT_CLASS = YES_ERROR;
				CLANG_WARN_RANGE_LOOP_ANALYSIS = YES;
				CLANG_WARN_STRICT_PROTOTYPES = YES;
				CLANG_WARN_SUSPICIOUS_MOVE = YES;
				CLANG_WARN_UNGUARDED_AVAILABILITY = YES_AGGRESSIVE;
				CLANG_WARN_UNREACHABLE_CODE = YES;
				CLANG_WARN__DUPLICATE_METHOD_MATCH = YES;
				CODE_SIGN_IDENTITY = "iPhone Developer";
				COPY_PHASE_STRIP = NO;
				DEBUG_INFORMATION_FORMAT = "dwarf-with-dsym";
				ENABLE_NS_ASSERTIONS = NO;
				ENABLE_STRICT_OBJC_MSGSEND = YES;
				GCC_C_LANGUAGE_STANDARD = gnu11;
				GCC_NO_COMMON_BLOCKS = YES;
				GCC_WARN_64_TO_32_BIT_CONVERSION = YES;
				GCC_WARN_ABOUT_RETURN_TYPE = YES_ERROR;
				GCC_WARN_UNDECLARED_SELECTOR = YES;
				GCC_WARN_UNINITIALIZED_AUTOS = YES_AGGRESSIVE;
				GCC_WARN_UNUSED_FUNCTION = YES;
				GCC_WARN_UNUSED_VARIABLE = YES;
				IPHONEOS_DEPLOYMENT_TARGET = 12.2;
				MTL_ENABLE_DEBUG_INFO = NO;
				MTL_FAST_MATH = YES;
				SDKROOT = iphoneos;
				SWIFT_COMPILATION_MODE = wholemodule;
				SWIFT_OPTIMIZATION_LEVEL = "-O";
				VALIDATE_PRODUCT = YES;
			};
			name = Release;
		};
		AE7020CC22BB299E00803281 /* Debug */ = {
			isa = XCBuildConfiguration;
			baseConfigurationReference = 8C74242FC9ABF5954857B0B3 /* Pods-TestGrowingIO.debug.xcconfig */;
			buildSettings = {
				ASSETCATALOG_COMPILER_APPICON_NAME = AppIcon;
				CLANG_ENABLE_MODULES = YES;
				CODE_SIGN_STYLE = Automatic;
				DEVELOPMENT_TEAM = LYQM3Q4758;
				INFOPLIST_FILE = TestGrowingIO/Info.plist;
				LD_RUNPATH_SEARCH_PATHS = (
					"$(inherited)",
					"@executable_path/Frameworks",
				);
				PRODUCT_BUNDLE_IDENTIFIER = com.z.algorithm.test.TestGrowingIO;
				PRODUCT_NAME = "$(TARGET_NAME)";
				SWIFT_OBJC_BRIDGING_HEADER = "TestGrowingIO/TestGrowingIO-Bridging-Header.h";
				SWIFT_OPTIMIZATION_LEVEL = "-Onone";
				SWIFT_VERSION = 5.0;
				TARGETED_DEVICE_FAMILY = "1,2";
			};
			name = Debug;
		};
		AE7020CD22BB299E00803281 /* Release */ = {
			isa = XCBuildConfiguration;
			baseConfigurationReference = 4A9528B34C2D8396632295E2 /* Pods-TestGrowingIO.release.xcconfig */;
			buildSettings = {
				ASSETCATALOG_COMPILER_APPICON_NAME = AppIcon;
				CLANG_ENABLE_MODULES = YES;
				CODE_SIGN_STYLE = Automatic;
				DEVELOPMENT_TEAM = LYQM3Q4758;
				INFOPLIST_FILE = TestGrowingIO/Info.plist;
				LD_RUNPATH_SEARCH_PATHS = (
					"$(inherited)",
					"@executable_path/Frameworks",
				);
				PRODUCT_BUNDLE_IDENTIFIER = com.z.algorithm.test.TestGrowingIO;
				PRODUCT_NAME = "$(TARGET_NAME)";
				SWIFT_OBJC_BRIDGING_HEADER = "TestGrowingIO/TestGrowingIO-Bridging-Header.h";
				SWIFT_VERSION = 5.0;
				TARGETED_DEVICE_FAMILY = "1,2";
			};
			name = Release;
		};
/* End XCBuildConfiguration section */

/* Begin XCConfigurationList section */
		AE7020B422BB299B00803281 /* Build configuration list for PBXProject "TestGrowingIO" */ = {
			isa = XCConfigurationList;
			buildConfigurations = (
				AE7020C922BB299E00803281 /* Debug */,
				AE7020CA22BB299E00803281 /* Release */,
			);
			defaultConfigurationIsVisible = 0;
			defaultConfigurationName = Release;
		};
		AE7020CB22BB299E00803281 /* Build configuration list for PBXNativeTarget "TestGrowingIO" */ = {
			isa = XCConfigurationList;
			buildConfigurations = (
				AE7020CC22BB299E00803281 /* Debug */,
				AE7020CD22BB299E00803281 /* Release */,
			);
			defaultConfigurationIsVisible = 0;
			defaultConfigurationName = Release;
		};
/* End XCConfigurationList section */
	};
	rootObject = AE7020B122BB299B00803281 /* Project object */;
}
