PODS:
  - Realm (3.14.2):
    - Realm/Headers (= 3.14.2)
  - Realm/Headers (3.14.2)
  - RealmSwift (3.14.2):
    - Realm (= 3.14.2)

DEPENDENCIES:
  - Realm (= 3.14.2)
  - RealmSwift (= 3.14.2)

SPEC REPOS:
  https://github.com/cocoapods/specs.git:
    - Realm
    - RealmSwift

SPEC CHECKSUMS:
  Realm: 179c6706e3a49dbfe112e572fd3c03d3169bea35
  RealmSwift: 1797f272fb51c555b764fada32e82159a2c65247

PODFILE CHECKSUM: 4aae6df9e737b9c0622ec9a2b462eaa19047080a

COCOAPODS: 1.6.1
